
Microsoft Visual Studio Solution File, Format Version 12.00
# Visual Studio 2012
Project("{FAE04EC0-301F-11D3-BF4B-00C04F79EFBC}") = "PsiPlugin", "..\PsiPlugin\PsiPlugin.csproj", "{F412CECA-91A8-4175-85A2-E7F7B72F30CE}"
EndProject
Project("{FAE04EC0-301F-11D3-BF4B-00C04F79EFBC}") = "PsiPluginTest", "..\PsiPluginTest\PsiPluginTest.csproj", "{F748B849-59A8-4EDB-9319-A9B00DE32E46}"
EndProject
Global
	GlobalSection(SolutionConfigurationPlatforms) = preSolution
		Debug|Any CPU = Debug|Any CPU
		Release|Any CPU = Release|Any CPU
	EndGlobalSection
	GlobalSection(ProjectConfigurationPlatforms) = postSolution
		{F412CECA-91A8-4175-85A2-E7F7B72F30CE}.Debug|Any CPU.ActiveCfg = Debug|Any CPU
		{F412CECA-91A8-4175-85A2-E7F7B72F30CE}.Debug|Any CPU.Build.0 = Debug|Any CPU
		{F412CECA-91A8-4175-85A2-E7F7B72F30CE}.Release|Any CPU.ActiveCfg = Release|Any CPU
		{F412CECA-91A8-4175-85A2-E7F7B72F30CE}.Release|Any CPU.Build.0 = Release|Any CPU
		{F748B849-59A8-4EDB-9319-A9B00DE32E46}.Debug|Any CPU.ActiveCfg = Debug|Any CPU
		{F748B849-59A8-4EDB-9319-A9B00DE32E46}.Debug|Any CPU.Build.0 = Debug|Any CPU
		{F748B849-59A8-4EDB-9319-A9B00DE32E46}.Release|Any CPU.ActiveCfg = Release|Any CPU
		{F748B849-59A8-4EDB-9319-A9B00DE32E46}.Release|Any CPU.Build.0 = Release|Any CPU
	EndGlobalSection
	GlobalSection(SolutionProperties) = preSolution
		HideSolutionNode = FALSE
	EndGlobalSection
EndGlobal
