
Microsoft Visual Studio Solution File, Format Version 10.00
# Visual Studio 2008
Project("{2150E333-8FDC-42A3-9474-1A3956D46DE8}") = "Solution Items", "Solution Items", "{32A51014-8E9C-49F1-9CDF-A39CE01EAFA1}"
	ProjectSection(SolutionItems) = preProject
		..\go.bat = ..\go.bat
		..\NBehave.build = ..\NBehave.build
	EndProjectSection
EndProject
Project("{2150E333-8FDC-42A3-9474-1A3956D46DE8}") = "NBehave.Spec", "NBehave.Spec", "{2EF1C1FB-3D4F-4ADD-8431-D29386A9DE21}"
EndProject
Project("{2150E333-8FDC-42A3-9474-1A3956D46DE8}") = "NBehave.Performer", "NBehave.Performer", "{0BCAEDA0-16B1-4880-B84B-927C5E449536}"
EndProject
Project("{2150E333-8FDC-42A3-9474-1A3956D46DE8}") = "NBehave.Narrator", "NBehave.Narrator", "{269CB317-6533-4826-8029-438300872EB9}"
EndProject
Project("{2150E333-8FDC-42A3-9474-1A3956D46DE8}") = "NBehave.Runner", "NBehave.Runner", "{324DF465-63AB-40F3-905A-259C56D3224B}"
EndProject
Project("{2150E333-8FDC-42A3-9474-1A3956D46DE8}") = "NBehave.Example", "NBehave.Example", "{78E62BFB-D059-42BB-B21D-F5A552557514}"
EndProject
Project("{FAE04EC0-301F-11D3-BF4B-00C04F79EFBC}") = "NBehave.Narrator.Framework", "NBehave.Framework\NBehave.Narrator.Framework.csproj", "{9C2E9E17-2A2C-4F6C-8072-D160A7EA9A51}"
EndProject
Project("{FAE04EC0-301F-11D3-BF4B-00C04F79EFBC}") = "NBehave.Narrator.Framework.Specifications", "NBehave.Framework.Tests\NBehave.Narrator.Framework.Specifications.csproj", "{9F7DCAC2-5148-40AF-B588-A784C646E12E}"
EndProject
Project("{FAE04EC0-301F-11D3-BF4B-00C04F79EFBC}") = "TestAssembly", "TestAssembly\TestAssembly.csproj", "{E0CCE2D9-9720-4119-98D5-CDE44E283847}"
EndProject
Project("{FAE04EC0-301F-11D3-BF4B-00C04F79EFBC}") = "NBehave.Console", "NBehave.Console\NBehave.Console.csproj", "{2162701A-70E9-4659-B17C-DEBA72C175D4}"
EndProject
Project("{FAE04EC0-301F-11D3-BF4B-00C04F79EFBC}") = "NBehave.Console.Tests", "NBehave.Console.Tests\NBehave.Console.Tests.csproj", "{D8A52514-2077-4363-BDCF-FDCD2EE24117}"
EndProject
Project("{FAE04EC0-301F-11D3-BF4B-00C04F79EFBC}") = "NBehave.Examples", "NBehave.Examples\NBehave.Examples.csproj", "{5CBAFACF-8BD9-46FB-A0BC-276EDE593186}"
EndProject
Project("{FAE04EC0-301F-11D3-BF4B-00C04F79EFBC}") = "NBehave.Spec.Framework", "NBehave.Spec\NBehave.Spec.Framework\NBehave.Spec.Framework.csproj", "{87B1B4CA-3EF7-44EB-BF48-5A472E26F1B0}"
EndProject
Project("{FAE04EC0-301F-11D3-BF4B-00C04F79EFBC}") = "NBehave.Spec.Framework.Specification", "NBehave.Spec\NBehave.Spec.Framework.Specification\NBehave.Spec.Framework.Specification.csproj", "{44E05748-3318-41A9-960F-48FDD151D9A1}"
EndProject
Project("{FAE04EC0-301F-11D3-BF4B-00C04F79EFBC}") = "NBehave.Runner.Console", "NBehave.Runner\NBehave.Runner.Console\NBehave.Runner.Console.csproj", "{B652845E-6AB5-4F1B-9BC2-0716CA010DF3}"
EndProject
Project("{FAE04EC0-301F-11D3-BF4B-00C04F79EFBC}") = "NBehave.Runner.Console.Specifications", "NBehave.Runner\NBehave.Runner.Specifications\NBehave.Runner.Console.Specifications.csproj", "{B0426088-F963-448A-93F6-06FCF6CBD092}"
EndProject
Project("{FAE04EC0-301F-11D3-BF4B-00C04F79EFBC}") = "DummySpecAssembly", "NBehave.Spec\DummySpecAssembly\DummySpecAssembly.csproj", "{FF003408-4418-45C4-AA5D-7301461CF3E6}"
EndProject
Global
	GlobalSection(SolutionConfigurationPlatforms) = preSolution
		AutomatedDebug|Any CPU = AutomatedDebug|Any CPU
		Debug|Any CPU = Debug|Any CPU
		Release|Any CPU = Release|Any CPU
	EndGlobalSection
	GlobalSection(ProjectConfigurationPlatforms) = postSolution
		{9C2E9E17-2A2C-4F6C-8072-D160A7EA9A51}.AutomatedDebug|Any CPU.ActiveCfg = AutomatedDebug|Any CPU
		{9C2E9E17-2A2C-4F6C-8072-D160A7EA9A51}.AutomatedDebug|Any CPU.Build.0 = AutomatedDebug|Any CPU
		{9C2E9E17-2A2C-4F6C-8072-D160A7EA9A51}.Debug|Any CPU.ActiveCfg = Debug|Any CPU
		{9C2E9E17-2A2C-4F6C-8072-D160A7EA9A51}.Debug|Any CPU.Build.0 = Debug|Any CPU
		{9C2E9E17-2A2C-4F6C-8072-D160A7EA9A51}.Release|Any CPU.ActiveCfg = Release|Any CPU
		{9C2E9E17-2A2C-4F6C-8072-D160A7EA9A51}.Release|Any CPU.Build.0 = Release|Any CPU
		{9F7DCAC2-5148-40AF-B588-A784C646E12E}.AutomatedDebug|Any CPU.ActiveCfg = AutomatedDebug|Any CPU
		{9F7DCAC2-5148-40AF-B588-A784C646E12E}.AutomatedDebug|Any CPU.Build.0 = AutomatedDebug|Any CPU
		{9F7DCAC2-5148-40AF-B588-A784C646E12E}.Debug|Any CPU.ActiveCfg = Debug|Any CPU
		{9F7DCAC2-5148-40AF-B588-A784C646E12E}.Debug|Any CPU.Build.0 = Debug|Any CPU
		{9F7DCAC2-5148-40AF-B588-A784C646E12E}.Release|Any CPU.ActiveCfg = Release|Any CPU
		{9F7DCAC2-5148-40AF-B588-A784C646E12E}.Release|Any CPU.Build.0 = Release|Any CPU
		{E0CCE2D9-9720-4119-98D5-CDE44E283847}.AutomatedDebug|Any CPU.ActiveCfg = AutomatedDebug|Any CPU
		{E0CCE2D9-9720-4119-98D5-CDE44E283847}.AutomatedDebug|Any CPU.Build.0 = AutomatedDebug|Any CPU
		{E0CCE2D9-9720-4119-98D5-CDE44E283847}.Debug|Any CPU.ActiveCfg = Debug|Any CPU
		{E0CCE2D9-9720-4119-98D5-CDE44E283847}.Debug|Any CPU.Build.0 = Debug|Any CPU
		{E0CCE2D9-9720-4119-98D5-CDE44E283847}.Release|Any CPU.ActiveCfg = Release|Any CPU
		{E0CCE2D9-9720-4119-98D5-CDE44E283847}.Release|Any CPU.Build.0 = Release|Any CPU
		{2162701A-70E9-4659-B17C-DEBA72C175D4}.AutomatedDebug|Any CPU.ActiveCfg = AutomatedDebug|Any CPU
		{2162701A-70E9-4659-B17C-DEBA72C175D4}.AutomatedDebug|Any CPU.Build.0 = AutomatedDebug|Any CPU
		{2162701A-70E9-4659-B17C-DEBA72C175D4}.Debug|Any CPU.ActiveCfg = Debug|Any CPU
		{2162701A-70E9-4659-B17C-DEBA72C175D4}.Debug|Any CPU.Build.0 = Debug|Any CPU
		{2162701A-70E9-4659-B17C-DEBA72C175D4}.Release|Any CPU.ActiveCfg = Release|Any CPU
		{2162701A-70E9-4659-B17C-DEBA72C175D4}.Release|Any CPU.Build.0 = Release|Any CPU
		{D8A52514-2077-4363-BDCF-FDCD2EE24117}.AutomatedDebug|Any CPU.ActiveCfg = AutomatedDebug|Any CPU
		{D8A52514-2077-4363-BDCF-FDCD2EE24117}.AutomatedDebug|Any CPU.Build.0 = AutomatedDebug|Any CPU
		{D8A52514-2077-4363-BDCF-FDCD2EE24117}.Debug|Any CPU.ActiveCfg = Debug|Any CPU
		{D8A52514-2077-4363-BDCF-FDCD2EE24117}.Debug|Any CPU.Build.0 = Debug|Any CPU
		{D8A52514-2077-4363-BDCF-FDCD2EE24117}.Release|Any CPU.ActiveCfg = Release|Any CPU
		{D8A52514-2077-4363-BDCF-FDCD2EE24117}.Release|Any CPU.Build.0 = Release|Any CPU
		{5CBAFACF-8BD9-46FB-A0BC-276EDE593186}.AutomatedDebug|Any CPU.ActiveCfg = AutomatedDebug|Any CPU
		{5CBAFACF-8BD9-46FB-A0BC-276EDE593186}.AutomatedDebug|Any CPU.Build.0 = AutomatedDebug|Any CPU
		{5CBAFACF-8BD9-46FB-A0BC-276EDE593186}.Debug|Any CPU.ActiveCfg = Debug|Any CPU
		{5CBAFACF-8BD9-46FB-A0BC-276EDE593186}.Debug|Any CPU.Build.0 = Debug|Any CPU
		{5CBAFACF-8BD9-46FB-A0BC-276EDE593186}.Release|Any CPU.ActiveCfg = Release|Any CPU
		{5CBAFACF-8BD9-46FB-A0BC-276EDE593186}.Release|Any CPU.Build.0 = Release|Any CPU
		{87B1B4CA-3EF7-44EB-BF48-5A472E26F1B0}.AutomatedDebug|Any CPU.ActiveCfg = AutomatedDebug|Any CPU
		{87B1B4CA-3EF7-44EB-BF48-5A472E26F1B0}.AutomatedDebug|Any CPU.Build.0 = AutomatedDebug|Any CPU
		{87B1B4CA-3EF7-44EB-BF48-5A472E26F1B0}.Debug|Any CPU.ActiveCfg = Debug|Any CPU
		{87B1B4CA-3EF7-44EB-BF48-5A472E26F1B0}.Debug|Any CPU.Build.0 = Debug|Any CPU
		{87B1B4CA-3EF7-44EB-BF48-5A472E26F1B0}.Release|Any CPU.ActiveCfg = Release|Any CPU
		{87B1B4CA-3EF7-44EB-BF48-5A472E26F1B0}.Release|Any CPU.Build.0 = Release|Any CPU
		{44E05748-3318-41A9-960F-48FDD151D9A1}.AutomatedDebug|Any CPU.ActiveCfg = AutomatedDebug|Any CPU
		{44E05748-3318-41A9-960F-48FDD151D9A1}.AutomatedDebug|Any CPU.Build.0 = AutomatedDebug|Any CPU
		{44E05748-3318-41A9-960F-48FDD151D9A1}.Debug|Any CPU.ActiveCfg = Debug|Any CPU
		{44E05748-3318-41A9-960F-48FDD151D9A1}.Debug|Any CPU.Build.0 = Debug|Any CPU
		{44E05748-3318-41A9-960F-48FDD151D9A1}.Release|Any CPU.ActiveCfg = Release|Any CPU
		{44E05748-3318-41A9-960F-48FDD151D9A1}.Release|Any CPU.Build.0 = Release|Any CPU
		{B652845E-6AB5-4F1B-9BC2-0716CA010DF3}.AutomatedDebug|Any CPU.ActiveCfg = AutomatedDebug|Any CPU
		{B652845E-6AB5-4F1B-9BC2-0716CA010DF3}.AutomatedDebug|Any CPU.Build.0 = AutomatedDebug|Any CPU
		{B652845E-6AB5-4F1B-9BC2-0716CA010DF3}.Debug|Any CPU.ActiveCfg = Debug|Any CPU
		{B652845E-6AB5-4F1B-9BC2-0716CA010DF3}.Debug|Any CPU.Build.0 = Debug|Any CPU
		{B652845E-6AB5-4F1B-9BC2-0716CA010DF3}.Release|Any CPU.ActiveCfg = Release|Any CPU
		{B652845E-6AB5-4F1B-9BC2-0716CA010DF3}.Release|Any CPU.Build.0 = Release|Any CPU
		{B0426088-F963-448A-93F6-06FCF6CBD092}.AutomatedDebug|Any CPU.ActiveCfg = AutomatedDebug|Any CPU
		{B0426088-F963-448A-93F6-06FCF6CBD092}.AutomatedDebug|Any CPU.Build.0 = AutomatedDebug|Any CPU
		{B0426088-F963-448A-93F6-06FCF6CBD092}.Debug|Any CPU.ActiveCfg = Debug|Any CPU
		{B0426088-F963-448A-93F6-06FCF6CBD092}.Debug|Any CPU.Build.0 = Debug|Any CPU
		{B0426088-F963-448A-93F6-06FCF6CBD092}.Release|Any CPU.ActiveCfg = Release|Any CPU
		{B0426088-F963-448A-93F6-06FCF6CBD092}.Release|Any CPU.Build.0 = Release|Any CPU
		{FF003408-4418-45C4-AA5D-7301461CF3E6}.AutomatedDebug|Any CPU.ActiveCfg = AutomatedDebug|Any CPU
		{FF003408-4418-45C4-AA5D-7301461CF3E6}.AutomatedDebug|Any CPU.Build.0 = AutomatedDebug|Any CPU
		{FF003408-4418-45C4-AA5D-7301461CF3E6}.Debug|Any CPU.ActiveCfg = Debug|Any CPU
		{FF003408-4418-45C4-AA5D-7301461CF3E6}.Debug|Any CPU.Build.0 = Debug|Any CPU
		{FF003408-4418-45C4-AA5D-7301461CF3E6}.Release|Any CPU.ActiveCfg = Release|Any CPU
		{FF003408-4418-45C4-AA5D-7301461CF3E6}.Release|Any CPU.Build.0 = Release|Any CPU
	EndGlobalSection
	GlobalSection(SolutionProperties) = preSolution
		HideSolutionNode = FALSE
	EndGlobalSection
	GlobalSection(NestedProjects) = preSolution
		{87B1B4CA-3EF7-44EB-BF48-5A472E26F1B0} = {2EF1C1FB-3D4F-4ADD-8431-D29386A9DE21}
		{44E05748-3318-41A9-960F-48FDD151D9A1} = {2EF1C1FB-3D4F-4ADD-8431-D29386A9DE21}
		{FF003408-4418-45C4-AA5D-7301461CF3E6} = {2EF1C1FB-3D4F-4ADD-8431-D29386A9DE21}
		{9C2E9E17-2A2C-4F6C-8072-D160A7EA9A51} = {269CB317-6533-4826-8029-438300872EB9}
		{9F7DCAC2-5148-40AF-B588-A784C646E12E} = {269CB317-6533-4826-8029-438300872EB9}
		{E0CCE2D9-9720-4119-98D5-CDE44E283847} = {269CB317-6533-4826-8029-438300872EB9}
		{2162701A-70E9-4659-B17C-DEBA72C175D4} = {324DF465-63AB-40F3-905A-259C56D3224B}
		{D8A52514-2077-4363-BDCF-FDCD2EE24117} = {324DF465-63AB-40F3-905A-259C56D3224B}
		{B652845E-6AB5-4F1B-9BC2-0716CA010DF3} = {324DF465-63AB-40F3-905A-259C56D3224B}
		{B0426088-F963-448A-93F6-06FCF6CBD092} = {324DF465-63AB-40F3-905A-259C56D3224B}
		{5CBAFACF-8BD9-46FB-A0BC-276EDE593186} = {78E62BFB-D059-42BB-B21D-F5A552557514}
	EndGlobalSection
EndGlobal
