
Microsoft Visual Studio Solution File, Format Version 11.00
# Visual Studio 2010
Project("{2150E333-8FDC-42A3-9474-1A3956D46DE8}") = "Build", "Build", "{32A51014-8E9C-49F1-9CDF-A39CE01EAFA1}"
	ProjectSection(SolutionItems) = preProject
		..\artifacts.ps1 = ..\artifacts.ps1
		..\build.ps1 = ..\build.ps1
		..\BuildProperties.ps1 = ..\BuildProperties.ps1
		..\Go.cmd = ..\Go.cmd
		xsl\NBehaveResults.xsl = xsl\NBehaveResults.xsl
		..\nuget.ps1 = ..\nuget.ps1
		..\Run-build.ps1 = ..\Run-build.ps1
	EndProjectSection
EndProject
Project("{2150E333-8FDC-42A3-9474-1A3956D46DE8}") = "NBehave.Spec", "NBehave.Spec", "{2EF1C1FB-3D4F-4ADD-8431-D29386A9DE21}"
EndProject
Project("{2150E333-8FDC-42A3-9474-1A3956D46DE8}") = "NBehave.Narrator", "NBehave.Narrator", "{269CB317-6533-4826-8029-438300872EB9}"
EndProject
Project("{2150E333-8FDC-42A3-9474-1A3956D46DE8}") = "NBehave.Runner", "NBehave.Runner", "{324DF465-63AB-40F3-905A-259C56D3224B}"
EndProject
Project("{2150E333-8FDC-42A3-9474-1A3956D46DE8}") = "NBehave.Example", "NBehave.Example", "{78E62BFB-D059-42BB-B21D-F5A552557514}"
EndProject
Project("{2150E333-8FDC-42A3-9474-1A3956D46DE8}") = "Testdriven.net.plugin", "Testdriven.net.plugin", "{AE528F68-87F6-43E2-B272-8EF015B4AFEB}"
EndProject
Project("{FAE04EC0-301F-11D3-BF4B-00C04F79EFBC}") = "NBehave.Spec.NUnit", "NBehave.Spec.NUnit\NBehave.Spec.NUnit.csproj", "{7BDFA147-A451-4FB0-8536-94EC1C52926E}"
EndProject
Project("{FAE04EC0-301F-11D3-BF4B-00C04F79EFBC}") = "NBehave.Spec.Xunit.Specifications", "NBehave.Spec.Xunit.Specifications\NBehave.Spec.Xunit.Specifications.csproj", "{EFB6BFCC-A7B8-4B98-B0A5-EDEA0E006390}"
EndProject
Project("{FAE04EC0-301F-11D3-BF4B-00C04F79EFBC}") = "NBehave.Spec.Xunit", "NBehave.Spec.Xunit\NBehave.Spec.Xunit.csproj", "{AB99C5F4-1C74-4263-B79A-C8569D9561FD}"
EndProject
Project("{FAE04EC0-301F-11D3-BF4B-00C04F79EFBC}") = "NBehave.Spec.MSTest", "NBehave.Spec.MsTest\NBehave.Spec.MSTest.csproj", "{32745321-6BAF-46A1-B3C4-E82CBA663F55}"
EndProject
Project("{FAE04EC0-301F-11D3-BF4B-00C04F79EFBC}") = "NBehave.Fluent.Framework", "NBehave.Fluent.Framework\NBehave.Fluent.Framework.csproj", "{87B1B4CA-3EF7-44EB-BF48-5A472E26F1B0}"
EndProject
Project("{FAE04EC0-301F-11D3-BF4B-00C04F79EFBC}") = "NBehave.Spec.MbUnit.Specifications", "NBehave.Spec.MbUnit.Specifications\NBehave.Spec.MbUnit.Specifications.csproj", "{A9673996-D4FD-46C2-A749-42115A5FA835}"
EndProject
Project("{FAE04EC0-301F-11D3-BF4B-00C04F79EFBC}") = "NBehave.Spec.MbUnit", "NBehave.Spec.MbUnit\NBehave.Spec.MbUnit.csproj", "{FB62C290-3C9C-4CE7-A798-E2BE3A1F12EA}"
EndProject
Project("{FAE04EC0-301F-11D3-BF4B-00C04F79EFBC}") = "NBehave.Spec.NUnit.Specifications", "NBehave.Spec.NUnit.Specifications\NBehave.Spec.NUnit.Specifications.csproj", "{B7F6CEC7-B298-467F-ABE2-9ABCF4394FAD}"
EndProject
Project("{FAE04EC0-301F-11D3-BF4B-00C04F79EFBC}") = "TestPlainTextAssembly", "TestPlainTextAssembly\TestPlainTextAssembly.csproj", "{B734DE3F-E1EC-42B4-8AB1-A55A934584CF}"
EndProject
Project("{FAE04EC0-301F-11D3-BF4B-00C04F79EFBC}") = "NBehave.MSBuild.Specifications", "NBehave.MSBuild.Specifications\NBehave.MSBuild.Specifications.csproj", "{7F733093-3E25-40FD-B2D5-5431352F3D16}"
EndProject
Project("{FAE04EC0-301F-11D3-BF4B-00C04F79EFBC}") = "NBehave.MSBuild", "NBehave.MSBuild\NBehave.MSBuild.csproj", "{8FF0E10C-FC63-4630-89AF-B039D341FA7D}"
EndProject
Project("{FAE04EC0-301F-11D3-BF4B-00C04F79EFBC}") = "NBehave.NAnt.Specifications", "NBehave.NAnt.Specifications\NBehave.NAnt.Specifications.csproj", "{CFC6A48D-10DA-4996-B1DF-E5F9C6D744A6}"
EndProject
Project("{FAE04EC0-301F-11D3-BF4B-00C04F79EFBC}") = "NBehave.NAnt", "NBehave.NAnt\NBehave.NAnt.csproj", "{3CF07281-565F-412E-9710-E8104E0391D9}"
EndProject
Project("{FAE04EC0-301F-11D3-BF4B-00C04F79EFBC}") = "NBehave.Console.Specifications", "NBehave.Console.Specifications\NBehave.Console.Specifications.csproj", "{D8A52514-2077-4363-BDCF-FDCD2EE24117}"
EndProject
Project("{FAE04EC0-301F-11D3-BF4B-00C04F79EFBC}") = "NBehave.Console", "NBehave.Console\NBehave.Console.csproj", "{2162701A-70E9-4659-B17C-DEBA72C175D4}"
EndProject
Project("{FAE04EC0-301F-11D3-BF4B-00C04F79EFBC}") = "NBehave.TestDriven.Plugin", "NBehave.TestDriven.Plugin\NBehave.TestDriven.Plugin.csproj", "{E2F5DC64-F661-459E-AC9C-1435FE9DFAA7}"
EndProject
Project("{FAE04EC0-301F-11D3-BF4B-00C04F79EFBC}") = "NBehave.Fluent.Framework.Specifications", "NBehave.Fluent.Framework.Specifications\NBehave.Fluent.Framework.Specifications.csproj", "{44E05748-3318-41A9-960F-48FDD151D9A1}"
EndProject
Project("{FAE04EC0-301F-11D3-BF4B-00C04F79EFBC}") = "NBehave.TestDriven.Plugin.TestHarness", "NBehave.TestDriven.Plugin.TestHarness\NBehave.TestDriven.Plugin.TestHarness.csproj", "{1C67DD24-2A67-45CB-B46E-B4D4DF60B4A0}"
EndProject
Project("{FAE04EC0-301F-11D3-BF4B-00C04F79EFBC}") = "NBehave.TestDriven.Plugin.Specifications", "NBehave.TestDriven.Plugin.Specifications\NBehave.TestDriven.Plugin.Specifications.csproj", "{90E5D8FC-B7D4-4531-BA41-176AA87D38E5}"
EndProject
Project("{FAE04EC0-301F-11D3-BF4B-00C04F79EFBC}") = "NBehave.VS2010.Plugin", "NBehave.VS2010.Plugin\NBehave.VS2010.Plugin.csproj", "{E2EF537E-04C9-4804-9848-4205277D74AF}"
EndProject
Project("{2150E333-8FDC-42A3-9474-1A3956D46DE8}") = "VS2010.plugin", "VS2010.plugin", "{F0FE6340-3B43-4A3B-83D3-D51622BAC3F3}"
EndProject
Project("{FAE04EC0-301F-11D3-BF4B-00C04F79EFBC}") = "NBehave.Spec.MSTest.Specifications", "NBehave.Spec.MsTest.Specifications\NBehave.Spec.MSTest.Specifications.csproj", "{EAD364F3-9162-46EE-83AA-5E938FE126FA}"
EndProject
Project("{FAE04EC0-301F-11D3-BF4B-00C04F79EFBC}") = "NBehave.Examples", "NBehave.Examples\NBehave.Examples.csproj", "{5CBAFACF-8BD9-46FB-A0BC-276EDE593186}"
EndProject
Project("{FAE04EC0-301F-11D3-BF4B-00C04F79EFBC}") = "NBehave.Narrator.Framework", "NBehave.Narrator.Framework\NBehave.Narrator.Framework.csproj", "{9C2E9E17-2A2C-4F6C-8072-D160A7EA9A51}"
EndProject
Project("{FAE04EC0-301F-11D3-BF4B-00C04F79EFBC}") = "NBehave.Narrator.Framework.Specifications", "NBehave.Narrator.Framework.Specifications\NBehave.Narrator.Framework.Specifications.csproj", "{9F7DCAC2-5148-40AF-B588-A784C646E12E}"
EndProject
Project("{FAE04EC0-301F-11D3-BF4B-00C04F79EFBC}") = "NBehave.ReSharper.Plugin", "NBehave.ReSharper.Plugin\NBehave.ReSharper.Plugin.csproj", "{AA9C7D40-A49C-4522-938B-BD1A99EE3E78}"
EndProject
Project("{FAE04EC0-301F-11D3-BF4B-00C04F79EFBC}") = "NBehave.ReSharper.Plugin.Specifications", "NBehave.ReSharper.Plugin.Specifications\NBehave.ReSharper.Plugin.Specifications.csproj", "{669A1BF0-7EFB-4E95-999B-532F62C95B03}"
EndProject
Project("{2150E333-8FDC-42A3-9474-1A3956D46DE8}") = "NBehave.ReSharper.Plugin", "NBehave.ReSharper.Plugin", "{4A5E0FD3-7225-4AA1-A3AB-E27CADF30896}"
EndProject
Project("{2150E333-8FDC-42A3-9474-1A3956D46DE8}") = "NBehave.Fluent", "NBehave.Fluent", "{3F7CFD16-B196-471C-971D-3706D4E07A00}"
EndProject
Project("{FAE04EC0-301F-11D3-BF4B-00C04F79EFBC}") = "NBehave.Gherkin", "NBehave.Gherkin\NBehave.Gherkin.csproj", "{9AFBC5C5-DC22-4E9B-8811-4A38BDCFD037}"
EndProject
Project("{2150E333-8FDC-42A3-9474-1A3956D46DE8}") = "nuget", "nuget", "{8757BAB5-F776-492A-BE86-4E0448F7744A}"
	ProjectSection(SolutionItems) = preProject
		..\nuget\NBehave.Fluent.MbUnit.nuspec = ..\nuget\NBehave.Fluent.MbUnit.nuspec
		..\nuget\NBehave.Fluent.MsTest.nuspec = ..\nuget\NBehave.Fluent.MsTest.nuspec
		..\nuget\NBehave.Fluent.NUnit.nuspec = ..\nuget\NBehave.Fluent.NUnit.nuspec
		..\nuget\NBehave.Fluent.XUnit.nuspec = ..\nuget\NBehave.Fluent.XUnit.nuspec
		..\nuget\nbehave.nuspec = ..\nuget\nbehave.nuspec
		..\nuget\nbehave.resharper60.nuspec = ..\nuget\nbehave.resharper60.nuspec
		..\nuget\nbehave.resharper701.nuspec = ..\nuget\nbehave.resharper701.nuspec
		..\nuget\NBehave.Runners.nuspec = ..\nuget\NBehave.Runners.nuspec
		..\nuget\NBehave.Samples.nuspec = ..\nuget\NBehave.Samples.nuspec
		..\nuget\NBehave.Spec.MbUnit.nuspec = ..\nuget\NBehave.Spec.MbUnit.nuspec
		..\nuget\NBehave.Spec.MsTest.nuspec = ..\nuget\NBehave.Spec.MsTest.nuspec
		..\nuget\NBehave.Spec.NUnit.nuspec = ..\nuget\NBehave.Spec.NUnit.nuspec
		..\nuget\NBehave.Spec.XUnit.nuspec = ..\nuget\NBehave.Spec.XUnit.nuspec
		..\nuget\NBehave.VsPlugin.nuspec = ..\nuget\NBehave.VsPlugin.nuspec
		..\nuget.ps1 = ..\nuget.ps1
		..\nuget\ReSharper.feature = ..\nuget\ReSharper.feature
		..\nuget\VsPlugin.feature = ..\nuget\VsPlugin.feature
	EndProjectSection
EndProject
Project("{FAE04EC0-301F-11D3-BF4B-00C04F79EFBC}") = "NBehave.ReSharper6.1.1.Plugin", "NBehave.ReSharper61.Plugin\NBehave.ReSharper6.1.1.Plugin.csproj", "{C192A6DE-D254-4A69-8232-D4FF298E514E}"
EndProject
Project("{2150E333-8FDC-42A3-9474-1A3956D46DE8}") = ".nuget", ".nuget", "{05BB71FF-0047-49D6-83CF-8E4A2A86B0FA}"
EndProject
Project("{FAE04EC0-301F-11D3-BF4B-00C04F79EFBC}") = "NBehave.VS2010.Plugin.Specifications", "NBehave.VS2010.Plugin.Specifications\NBehave.VS2010.Plugin.Specifications.csproj", "{534FD760-E694-481E-B215-419018D1210F}"
EndProject
Project("{FAE04EC0-301F-11D3-BF4B-00C04F79EFBC}") = "NBehave.Resharper7.01.Plugin", "NBehave.Resharper701.Plugin\NBehave.Resharper7.01.Plugin.csproj", "{C89D5A65-98CA-4B18-A9F0-156524E3A7A5}"
EndProject
Project("{FAE04EC0-301F-11D3-BF4B-00C04F79EFBC}") = "NBehave.Resharper7.1.Plugin", "NBehave.Resharper71.Plugin\NBehave.Resharper7.1.Plugin.csproj", "{592B104D-C1E8-498D-BD48-ACBD0E3EA7B2}"
EndProject
Project("{FAE04EC0-301F-11D3-BF4B-00C04F79EFBC}") = "NBehave.Resharper7.1.1.Plugin", "NBehave.Resharper711.Plugin\NBehave.Resharper7.1.1.Plugin.csproj", "{EECEE153-CC2B-4DEC-9768-F7E99918E80A}"
EndProject
Project("{FAE04EC0-301F-11D3-BF4B-00C04F79EFBC}") = "NBehave.Resharper7.1.2.Plugin", "NBehave.Resharper712.Plugin\NBehave.Resharper7.1.2.Plugin.csproj", "{DB921D3F-FCE5-4739-A5B2-C11BE522B2C7}"
EndProject
Global
	GlobalSection(SolutionConfigurationPlatforms) = preSolution
		AutomatedDebug-3.5|Any CPU = AutomatedDebug-3.5|Any CPU
		AutomatedDebug-3.5|Mixed Platforms = AutomatedDebug-3.5|Mixed Platforms
		AutomatedDebug-3.5|x86 = AutomatedDebug-3.5|x86
		AutomatedDebug-4.0|Any CPU = AutomatedDebug-4.0|Any CPU
		AutomatedDebug-4.0|Mixed Platforms = AutomatedDebug-4.0|Mixed Platforms
		AutomatedDebug-4.0|x86 = AutomatedDebug-4.0|x86
		Debug|Any CPU = Debug|Any CPU
		Debug|Mixed Platforms = Debug|Mixed Platforms
		Debug|x86 = Debug|x86
		Release|Any CPU = Release|Any CPU
		Release|Mixed Platforms = Release|Mixed Platforms
		Release|x86 = Release|x86
	EndGlobalSection
	GlobalSection(ProjectConfigurationPlatforms) = postSolution
		{7BDFA147-A451-4FB0-8536-94EC1C52926E}.AutomatedDebug-3.5|Any CPU.ActiveCfg = AutomatedDebug-3.5|Any CPU
		{7BDFA147-A451-4FB0-8536-94EC1C52926E}.AutomatedDebug-3.5|Any CPU.Build.0 = AutomatedDebug-3.5|Any CPU
		{7BDFA147-A451-4FB0-8536-94EC1C52926E}.AutomatedDebug-3.5|Mixed Platforms.ActiveCfg = AutomatedDebug-3.5|Any CPU
		{7BDFA147-A451-4FB0-8536-94EC1C52926E}.AutomatedDebug-3.5|Mixed Platforms.Build.0 = AutomatedDebug-3.5|Any CPU
		{7BDFA147-A451-4FB0-8536-94EC1C52926E}.AutomatedDebug-3.5|x86.ActiveCfg = AutomatedDebug-3.5|Any CPU
		{7BDFA147-A451-4FB0-8536-94EC1C52926E}.AutomatedDebug-4.0|Any CPU.ActiveCfg = AutomatedDebug-4.0|Any CPU
		{7BDFA147-A451-4FB0-8536-94EC1C52926E}.AutomatedDebug-4.0|Any CPU.Build.0 = AutomatedDebug-4.0|Any CPU
		{7BDFA147-A451-4FB0-8536-94EC1C52926E}.AutomatedDebug-4.0|Mixed Platforms.ActiveCfg = AutomatedDebug-4.0|Any CPU
		{7BDFA147-A451-4FB0-8536-94EC1C52926E}.AutomatedDebug-4.0|Mixed Platforms.Build.0 = AutomatedDebug-4.0|Any CPU
		{7BDFA147-A451-4FB0-8536-94EC1C52926E}.AutomatedDebug-4.0|x86.ActiveCfg = AutomatedDebug-4.0|Any CPU
		{7BDFA147-A451-4FB0-8536-94EC1C52926E}.Debug|Any CPU.ActiveCfg = Debug|Any CPU
		{7BDFA147-A451-4FB0-8536-94EC1C52926E}.Debug|Any CPU.Build.0 = Debug|Any CPU
		{7BDFA147-A451-4FB0-8536-94EC1C52926E}.Debug|Mixed Platforms.ActiveCfg = Debug|Any CPU
		{7BDFA147-A451-4FB0-8536-94EC1C52926E}.Debug|Mixed Platforms.Build.0 = Debug|Any CPU
		{7BDFA147-A451-4FB0-8536-94EC1C52926E}.Debug|x86.ActiveCfg = Debug|Any CPU
		{7BDFA147-A451-4FB0-8536-94EC1C52926E}.Release|Any CPU.ActiveCfg = Release|Any CPU
		{7BDFA147-A451-4FB0-8536-94EC1C52926E}.Release|Any CPU.Build.0 = Release|Any CPU
		{7BDFA147-A451-4FB0-8536-94EC1C52926E}.Release|Mixed Platforms.ActiveCfg = Release|Any CPU
		{7BDFA147-A451-4FB0-8536-94EC1C52926E}.Release|Mixed Platforms.Build.0 = Release|Any CPU
		{7BDFA147-A451-4FB0-8536-94EC1C52926E}.Release|x86.ActiveCfg = Release|Any CPU
		{EFB6BFCC-A7B8-4B98-B0A5-EDEA0E006390}.AutomatedDebug-3.5|Any CPU.ActiveCfg = AutomatedDebug-3.5|Any CPU
		{EFB6BFCC-A7B8-4B98-B0A5-EDEA0E006390}.AutomatedDebug-3.5|Any CPU.Build.0 = AutomatedDebug-3.5|Any CPU
		{EFB6BFCC-A7B8-4B98-B0A5-EDEA0E006390}.AutomatedDebug-3.5|Mixed Platforms.ActiveCfg = AutomatedDebug-3.5|Any CPU
		{EFB6BFCC-A7B8-4B98-B0A5-EDEA0E006390}.AutomatedDebug-3.5|Mixed Platforms.Build.0 = AutomatedDebug-3.5|Any CPU
		{EFB6BFCC-A7B8-4B98-B0A5-EDEA0E006390}.AutomatedDebug-3.5|x86.ActiveCfg = AutomatedDebug-3.5|Any CPU
		{EFB6BFCC-A7B8-4B98-B0A5-EDEA0E006390}.AutomatedDebug-4.0|Any CPU.ActiveCfg = AutomatedDebug-4.0|Any CPU
		{EFB6BFCC-A7B8-4B98-B0A5-EDEA0E006390}.AutomatedDebug-4.0|Any CPU.Build.0 = AutomatedDebug-4.0|Any CPU
		{EFB6BFCC-A7B8-4B98-B0A5-EDEA0E006390}.AutomatedDebug-4.0|Mixed Platforms.ActiveCfg = AutomatedDebug-4.0|Any CPU
		{EFB6BFCC-A7B8-4B98-B0A5-EDEA0E006390}.AutomatedDebug-4.0|Mixed Platforms.Build.0 = AutomatedDebug-4.0|Any CPU
		{EFB6BFCC-A7B8-4B98-B0A5-EDEA0E006390}.AutomatedDebug-4.0|x86.ActiveCfg = AutomatedDebug-4.0|Any CPU
		{EFB6BFCC-A7B8-4B98-B0A5-EDEA0E006390}.Debug|Any CPU.ActiveCfg = Debug|Any CPU
		{EFB6BFCC-A7B8-4B98-B0A5-EDEA0E006390}.Debug|Any CPU.Build.0 = Debug|Any CPU
		{EFB6BFCC-A7B8-4B98-B0A5-EDEA0E006390}.Debug|Mixed Platforms.ActiveCfg = Debug|Any CPU
		{EFB6BFCC-A7B8-4B98-B0A5-EDEA0E006390}.Debug|Mixed Platforms.Build.0 = Debug|Any CPU
		{EFB6BFCC-A7B8-4B98-B0A5-EDEA0E006390}.Debug|x86.ActiveCfg = Debug|Any CPU
		{EFB6BFCC-A7B8-4B98-B0A5-EDEA0E006390}.Release|Any CPU.ActiveCfg = Release|Any CPU
		{EFB6BFCC-A7B8-4B98-B0A5-EDEA0E006390}.Release|Any CPU.Build.0 = Release|Any CPU
		{EFB6BFCC-A7B8-4B98-B0A5-EDEA0E006390}.Release|Mixed Platforms.ActiveCfg = Release|Any CPU
		{EFB6BFCC-A7B8-4B98-B0A5-EDEA0E006390}.Release|Mixed Platforms.Build.0 = Release|Any CPU
		{EFB6BFCC-A7B8-4B98-B0A5-EDEA0E006390}.Release|x86.ActiveCfg = Release|Any CPU
		{AB99C5F4-1C74-4263-B79A-C8569D9561FD}.AutomatedDebug-3.5|Any CPU.ActiveCfg = AutomatedDebug-3.5|Any CPU
		{AB99C5F4-1C74-4263-B79A-C8569D9561FD}.AutomatedDebug-3.5|Any CPU.Build.0 = AutomatedDebug-3.5|Any CPU
		{AB99C5F4-1C74-4263-B79A-C8569D9561FD}.AutomatedDebug-3.5|Mixed Platforms.ActiveCfg = AutomatedDebug-3.5|Any CPU
		{AB99C5F4-1C74-4263-B79A-C8569D9561FD}.AutomatedDebug-3.5|Mixed Platforms.Build.0 = AutomatedDebug-3.5|Any CPU
		{AB99C5F4-1C74-4263-B79A-C8569D9561FD}.AutomatedDebug-3.5|x86.ActiveCfg = AutomatedDebug-3.5|Any CPU
		{AB99C5F4-1C74-4263-B79A-C8569D9561FD}.AutomatedDebug-4.0|Any CPU.ActiveCfg = AutomatedDebug-4.0|Any CPU
		{AB99C5F4-1C74-4263-B79A-C8569D9561FD}.AutomatedDebug-4.0|Any CPU.Build.0 = AutomatedDebug-4.0|Any CPU
		{AB99C5F4-1C74-4263-B79A-C8569D9561FD}.AutomatedDebug-4.0|Mixed Platforms.ActiveCfg = AutomatedDebug-4.0|Any CPU
		{AB99C5F4-1C74-4263-B79A-C8569D9561FD}.AutomatedDebug-4.0|Mixed Platforms.Build.0 = AutomatedDebug-4.0|Any CPU
		{AB99C5F4-1C74-4263-B79A-C8569D9561FD}.AutomatedDebug-4.0|x86.ActiveCfg = AutomatedDebug-4.0|Any CPU
		{AB99C5F4-1C74-4263-B79A-C8569D9561FD}.Debug|Any CPU.ActiveCfg = Debug|Any CPU
		{AB99C5F4-1C74-4263-B79A-C8569D9561FD}.Debug|Any CPU.Build.0 = Debug|Any CPU
		{AB99C5F4-1C74-4263-B79A-C8569D9561FD}.Debug|Mixed Platforms.ActiveCfg = Debug|Any CPU
		{AB99C5F4-1C74-4263-B79A-C8569D9561FD}.Debug|Mixed Platforms.Build.0 = Debug|Any CPU
		{AB99C5F4-1C74-4263-B79A-C8569D9561FD}.Debug|x86.ActiveCfg = Debug|Any CPU
		{AB99C5F4-1C74-4263-B79A-C8569D9561FD}.Release|Any CPU.ActiveCfg = Release|Any CPU
		{AB99C5F4-1C74-4263-B79A-C8569D9561FD}.Release|Any CPU.Build.0 = Release|Any CPU
		{AB99C5F4-1C74-4263-B79A-C8569D9561FD}.Release|Mixed Platforms.ActiveCfg = Release|Any CPU
		{AB99C5F4-1C74-4263-B79A-C8569D9561FD}.Release|Mixed Platforms.Build.0 = Release|Any CPU
		{AB99C5F4-1C74-4263-B79A-C8569D9561FD}.Release|x86.ActiveCfg = Release|Any CPU
		{32745321-6BAF-46A1-B3C4-E82CBA663F55}.AutomatedDebug-3.5|Any CPU.ActiveCfg = AutomatedDebug-3.5|Any CPU
		{32745321-6BAF-46A1-B3C4-E82CBA663F55}.AutomatedDebug-3.5|Any CPU.Build.0 = AutomatedDebug-3.5|Any CPU
		{32745321-6BAF-46A1-B3C4-E82CBA663F55}.AutomatedDebug-3.5|Mixed Platforms.ActiveCfg = AutomatedDebug-3.5|Any CPU
		{32745321-6BAF-46A1-B3C4-E82CBA663F55}.AutomatedDebug-3.5|Mixed Platforms.Build.0 = AutomatedDebug-3.5|Any CPU
		{32745321-6BAF-46A1-B3C4-E82CBA663F55}.AutomatedDebug-3.5|x86.ActiveCfg = AutomatedDebug-3.5|Any CPU
		{32745321-6BAF-46A1-B3C4-E82CBA663F55}.AutomatedDebug-4.0|Any CPU.ActiveCfg = AutomatedDebug-4.0|Any CPU
		{32745321-6BAF-46A1-B3C4-E82CBA663F55}.AutomatedDebug-4.0|Mixed Platforms.ActiveCfg = AutomatedDebug-4.0|Any CPU
		{32745321-6BAF-46A1-B3C4-E82CBA663F55}.AutomatedDebug-4.0|Mixed Platforms.Build.0 = AutomatedDebug-4.0|Any CPU
		{32745321-6BAF-46A1-B3C4-E82CBA663F55}.AutomatedDebug-4.0|x86.ActiveCfg = AutomatedDebug-4.0|Any CPU
		{32745321-6BAF-46A1-B3C4-E82CBA663F55}.Debug|Any CPU.ActiveCfg = Debug|Any CPU
		{32745321-6BAF-46A1-B3C4-E82CBA663F55}.Debug|Any CPU.Build.0 = Debug|Any CPU
		{32745321-6BAF-46A1-B3C4-E82CBA663F55}.Debug|Mixed Platforms.ActiveCfg = Debug|Any CPU
		{32745321-6BAF-46A1-B3C4-E82CBA663F55}.Debug|Mixed Platforms.Build.0 = Debug|Any CPU
		{32745321-6BAF-46A1-B3C4-E82CBA663F55}.Debug|x86.ActiveCfg = Debug|Any CPU
		{32745321-6BAF-46A1-B3C4-E82CBA663F55}.Release|Any CPU.ActiveCfg = Release|Any CPU
		{32745321-6BAF-46A1-B3C4-E82CBA663F55}.Release|Any CPU.Build.0 = Release|Any CPU
		{32745321-6BAF-46A1-B3C4-E82CBA663F55}.Release|Mixed Platforms.ActiveCfg = Release|Any CPU
		{32745321-6BAF-46A1-B3C4-E82CBA663F55}.Release|Mixed Platforms.Build.0 = Release|Any CPU
		{32745321-6BAF-46A1-B3C4-E82CBA663F55}.Release|x86.ActiveCfg = Release|Any CPU
		{87B1B4CA-3EF7-44EB-BF48-5A472E26F1B0}.AutomatedDebug-3.5|Any CPU.ActiveCfg = AutomatedDebug-3.5|Any CPU
		{87B1B4CA-3EF7-44EB-BF48-5A472E26F1B0}.AutomatedDebug-3.5|Any CPU.Build.0 = AutomatedDebug-3.5|Any CPU
		{87B1B4CA-3EF7-44EB-BF48-5A472E26F1B0}.AutomatedDebug-3.5|Mixed Platforms.ActiveCfg = AutomatedDebug-3.5|Any CPU
		{87B1B4CA-3EF7-44EB-BF48-5A472E26F1B0}.AutomatedDebug-3.5|Mixed Platforms.Build.0 = AutomatedDebug-3.5|Any CPU
		{87B1B4CA-3EF7-44EB-BF48-5A472E26F1B0}.AutomatedDebug-3.5|x86.ActiveCfg = AutomatedDebug-3.5|Any CPU
		{87B1B4CA-3EF7-44EB-BF48-5A472E26F1B0}.AutomatedDebug-4.0|Any CPU.ActiveCfg = AutomatedDebug-4.0|Any CPU
		{87B1B4CA-3EF7-44EB-BF48-5A472E26F1B0}.AutomatedDebug-4.0|Any CPU.Build.0 = AutomatedDebug-4.0|Any CPU
		{87B1B4CA-3EF7-44EB-BF48-5A472E26F1B0}.AutomatedDebug-4.0|Mixed Platforms.ActiveCfg = AutomatedDebug-4.0|Any CPU
		{87B1B4CA-3EF7-44EB-BF48-5A472E26F1B0}.AutomatedDebug-4.0|Mixed Platforms.Build.0 = AutomatedDebug-4.0|Any CPU
		{87B1B4CA-3EF7-44EB-BF48-5A472E26F1B0}.AutomatedDebug-4.0|x86.ActiveCfg = AutomatedDebug-4.0|Any CPU
		{87B1B4CA-3EF7-44EB-BF48-5A472E26F1B0}.Debug|Any CPU.ActiveCfg = Debug|Any CPU
		{87B1B4CA-3EF7-44EB-BF48-5A472E26F1B0}.Debug|Any CPU.Build.0 = Debug|Any CPU
		{87B1B4CA-3EF7-44EB-BF48-5A472E26F1B0}.Debug|Mixed Platforms.ActiveCfg = Debug|Any CPU
		{87B1B4CA-3EF7-44EB-BF48-5A472E26F1B0}.Debug|Mixed Platforms.Build.0 = Debug|Any CPU
		{87B1B4CA-3EF7-44EB-BF48-5A472E26F1B0}.Debug|x86.ActiveCfg = Debug|Any CPU
		{87B1B4CA-3EF7-44EB-BF48-5A472E26F1B0}.Release|Any CPU.ActiveCfg = Release|Any CPU
		{87B1B4CA-3EF7-44EB-BF48-5A472E26F1B0}.Release|Any CPU.Build.0 = Release|Any CPU
		{87B1B4CA-3EF7-44EB-BF48-5A472E26F1B0}.Release|Mixed Platforms.ActiveCfg = Release|Any CPU
		{87B1B4CA-3EF7-44EB-BF48-5A472E26F1B0}.Release|Mixed Platforms.Build.0 = Release|Any CPU
		{87B1B4CA-3EF7-44EB-BF48-5A472E26F1B0}.Release|x86.ActiveCfg = Release|Any CPU
		{A9673996-D4FD-46C2-A749-42115A5FA835}.AutomatedDebug-3.5|Any CPU.ActiveCfg = AutomatedDebug-3.5|Any CPU
		{A9673996-D4FD-46C2-A749-42115A5FA835}.AutomatedDebug-3.5|Any CPU.Build.0 = AutomatedDebug-3.5|Any CPU
		{A9673996-D4FD-46C2-A749-42115A5FA835}.AutomatedDebug-3.5|Mixed Platforms.ActiveCfg = AutomatedDebug-3.5|Any CPU
		{A9673996-D4FD-46C2-A749-42115A5FA835}.AutomatedDebug-3.5|Mixed Platforms.Build.0 = AutomatedDebug-3.5|Any CPU
		{A9673996-D4FD-46C2-A749-42115A5FA835}.AutomatedDebug-3.5|x86.ActiveCfg = AutomatedDebug-3.5|Any CPU
		{A9673996-D4FD-46C2-A749-42115A5FA835}.AutomatedDebug-4.0|Any CPU.ActiveCfg = AutomatedDebug-4.0|Any CPU
		{A9673996-D4FD-46C2-A749-42115A5FA835}.AutomatedDebug-4.0|Any CPU.Build.0 = AutomatedDebug-4.0|Any CPU
		{A9673996-D4FD-46C2-A749-42115A5FA835}.AutomatedDebug-4.0|Mixed Platforms.ActiveCfg = AutomatedDebug-4.0|Any CPU
		{A9673996-D4FD-46C2-A749-42115A5FA835}.AutomatedDebug-4.0|Mixed Platforms.Build.0 = AutomatedDebug-4.0|Any CPU
		{A9673996-D4FD-46C2-A749-42115A5FA835}.AutomatedDebug-4.0|x86.ActiveCfg = AutomatedDebug-4.0|Any CPU
		{A9673996-D4FD-46C2-A749-42115A5FA835}.Debug|Any CPU.ActiveCfg = Debug|Any CPU
		{A9673996-D4FD-46C2-A749-42115A5FA835}.Debug|Any CPU.Build.0 = Debug|Any CPU
		{A9673996-D4FD-46C2-A749-42115A5FA835}.Debug|Mixed Platforms.ActiveCfg = Debug|Any CPU
		{A9673996-D4FD-46C2-A749-42115A5FA835}.Debug|Mixed Platforms.Build.0 = Debug|Any CPU
		{A9673996-D4FD-46C2-A749-42115A5FA835}.Debug|x86.ActiveCfg = Debug|Any CPU
		{A9673996-D4FD-46C2-A749-42115A5FA835}.Release|Any CPU.ActiveCfg = Release|Any CPU
		{A9673996-D4FD-46C2-A749-42115A5FA835}.Release|Any CPU.Build.0 = Release|Any CPU
		{A9673996-D4FD-46C2-A749-42115A5FA835}.Release|Mixed Platforms.ActiveCfg = Release|Any CPU
		{A9673996-D4FD-46C2-A749-42115A5FA835}.Release|Mixed Platforms.Build.0 = Release|Any CPU
		{A9673996-D4FD-46C2-A749-42115A5FA835}.Release|x86.ActiveCfg = Release|Any CPU
		{FB62C290-3C9C-4CE7-A798-E2BE3A1F12EA}.AutomatedDebug-3.5|Any CPU.ActiveCfg = AutomatedDebug-3.5|Any CPU
		{FB62C290-3C9C-4CE7-A798-E2BE3A1F12EA}.AutomatedDebug-3.5|Any CPU.Build.0 = AutomatedDebug-3.5|Any CPU
		{FB62C290-3C9C-4CE7-A798-E2BE3A1F12EA}.AutomatedDebug-3.5|Mixed Platforms.ActiveCfg = AutomatedDebug-3.5|Any CPU
		{FB62C290-3C9C-4CE7-A798-E2BE3A1F12EA}.AutomatedDebug-3.5|Mixed Platforms.Build.0 = AutomatedDebug-3.5|Any CPU
		{FB62C290-3C9C-4CE7-A798-E2BE3A1F12EA}.AutomatedDebug-3.5|x86.ActiveCfg = AutomatedDebug-3.5|Any CPU
		{FB62C290-3C9C-4CE7-A798-E2BE3A1F12EA}.AutomatedDebug-4.0|Any CPU.ActiveCfg = AutomatedDebug-4.0|Any CPU
		{FB62C290-3C9C-4CE7-A798-E2BE3A1F12EA}.AutomatedDebug-4.0|Any CPU.Build.0 = AutomatedDebug-4.0|Any CPU
		{FB62C290-3C9C-4CE7-A798-E2BE3A1F12EA}.AutomatedDebug-4.0|Mixed Platforms.ActiveCfg = AutomatedDebug-4.0|Any CPU
		{FB62C290-3C9C-4CE7-A798-E2BE3A1F12EA}.AutomatedDebug-4.0|Mixed Platforms.Build.0 = AutomatedDebug-4.0|Any CPU
		{FB62C290-3C9C-4CE7-A798-E2BE3A1F12EA}.AutomatedDebug-4.0|x86.ActiveCfg = AutomatedDebug-4.0|Any CPU
		{FB62C290-3C9C-4CE7-A798-E2BE3A1F12EA}.Debug|Any CPU.ActiveCfg = Debug|Any CPU
		{FB62C290-3C9C-4CE7-A798-E2BE3A1F12EA}.Debug|Any CPU.Build.0 = Debug|Any CPU
		{FB62C290-3C9C-4CE7-A798-E2BE3A1F12EA}.Debug|Mixed Platforms.ActiveCfg = Debug|Any CPU
		{FB62C290-3C9C-4CE7-A798-E2BE3A1F12EA}.Debug|Mixed Platforms.Build.0 = Debug|Any CPU
		{FB62C290-3C9C-4CE7-A798-E2BE3A1F12EA}.Debug|x86.ActiveCfg = Debug|Any CPU
		{FB62C290-3C9C-4CE7-A798-E2BE3A1F12EA}.Release|Any CPU.ActiveCfg = Release|Any CPU
		{FB62C290-3C9C-4CE7-A798-E2BE3A1F12EA}.Release|Any CPU.Build.0 = Release|Any CPU
		{FB62C290-3C9C-4CE7-A798-E2BE3A1F12EA}.Release|Mixed Platforms.ActiveCfg = Release|Any CPU
		{FB62C290-3C9C-4CE7-A798-E2BE3A1F12EA}.Release|Mixed Platforms.Build.0 = Release|Any CPU
		{FB62C290-3C9C-4CE7-A798-E2BE3A1F12EA}.Release|x86.ActiveCfg = Release|Any CPU
		{B7F6CEC7-B298-467F-ABE2-9ABCF4394FAD}.AutomatedDebug-3.5|Any CPU.ActiveCfg = AutomatedDebug-3.5|Any CPU
		{B7F6CEC7-B298-467F-ABE2-9ABCF4394FAD}.AutomatedDebug-3.5|Any CPU.Build.0 = AutomatedDebug-3.5|Any CPU
		{B7F6CEC7-B298-467F-ABE2-9ABCF4394FAD}.AutomatedDebug-3.5|Mixed Platforms.ActiveCfg = AutomatedDebug-3.5|Any CPU
		{B7F6CEC7-B298-467F-ABE2-9ABCF4394FAD}.AutomatedDebug-3.5|Mixed Platforms.Build.0 = AutomatedDebug-3.5|Any CPU
		{B7F6CEC7-B298-467F-ABE2-9ABCF4394FAD}.AutomatedDebug-3.5|x86.ActiveCfg = AutomatedDebug-3.5|Any CPU
		{B7F6CEC7-B298-467F-ABE2-9ABCF4394FAD}.AutomatedDebug-4.0|Any CPU.ActiveCfg = AutomatedDebug-4.0|Any CPU
		{B7F6CEC7-B298-467F-ABE2-9ABCF4394FAD}.AutomatedDebug-4.0|Any CPU.Build.0 = AutomatedDebug-4.0|Any CPU
		{B7F6CEC7-B298-467F-ABE2-9ABCF4394FAD}.AutomatedDebug-4.0|Mixed Platforms.ActiveCfg = AutomatedDebug-4.0|Any CPU
		{B7F6CEC7-B298-467F-ABE2-9ABCF4394FAD}.AutomatedDebug-4.0|Mixed Platforms.Build.0 = AutomatedDebug-4.0|Any CPU
		{B7F6CEC7-B298-467F-ABE2-9ABCF4394FAD}.AutomatedDebug-4.0|x86.ActiveCfg = AutomatedDebug-4.0|Any CPU
		{B7F6CEC7-B298-467F-ABE2-9ABCF4394FAD}.Debug|Any CPU.ActiveCfg = Debug|Any CPU
		{B7F6CEC7-B298-467F-ABE2-9ABCF4394FAD}.Debug|Any CPU.Build.0 = Debug|Any CPU
		{B7F6CEC7-B298-467F-ABE2-9ABCF4394FAD}.Debug|Mixed Platforms.ActiveCfg = Debug|Any CPU
		{B7F6CEC7-B298-467F-ABE2-9ABCF4394FAD}.Debug|Mixed Platforms.Build.0 = Debug|Any CPU
		{B7F6CEC7-B298-467F-ABE2-9ABCF4394FAD}.Debug|x86.ActiveCfg = Debug|Any CPU
		{B7F6CEC7-B298-467F-ABE2-9ABCF4394FAD}.Release|Any CPU.ActiveCfg = Release|Any CPU
		{B7F6CEC7-B298-467F-ABE2-9ABCF4394FAD}.Release|Any CPU.Build.0 = Release|Any CPU
		{B7F6CEC7-B298-467F-ABE2-9ABCF4394FAD}.Release|Mixed Platforms.ActiveCfg = Release|Any CPU
		{B7F6CEC7-B298-467F-ABE2-9ABCF4394FAD}.Release|Mixed Platforms.Build.0 = Release|Any CPU
		{B7F6CEC7-B298-467F-ABE2-9ABCF4394FAD}.Release|x86.ActiveCfg = Release|Any CPU
		{B734DE3F-E1EC-42B4-8AB1-A55A934584CF}.AutomatedDebug-3.5|Any CPU.ActiveCfg = AutomatedDebug-3.5|Any CPU
		{B734DE3F-E1EC-42B4-8AB1-A55A934584CF}.AutomatedDebug-3.5|Any CPU.Build.0 = AutomatedDebug-3.5|Any CPU
		{B734DE3F-E1EC-42B4-8AB1-A55A934584CF}.AutomatedDebug-3.5|Mixed Platforms.ActiveCfg = AutomatedDebug-3.5|Any CPU
		{B734DE3F-E1EC-42B4-8AB1-A55A934584CF}.AutomatedDebug-3.5|Mixed Platforms.Build.0 = AutomatedDebug-3.5|Any CPU
		{B734DE3F-E1EC-42B4-8AB1-A55A934584CF}.AutomatedDebug-3.5|x86.ActiveCfg = AutomatedDebug-3.5|Any CPU
		{B734DE3F-E1EC-42B4-8AB1-A55A934584CF}.AutomatedDebug-4.0|Any CPU.ActiveCfg = AutomatedDebug-4.0|Any CPU
		{B734DE3F-E1EC-42B4-8AB1-A55A934584CF}.AutomatedDebug-4.0|Any CPU.Build.0 = AutomatedDebug-4.0|Any CPU
		{B734DE3F-E1EC-42B4-8AB1-A55A934584CF}.AutomatedDebug-4.0|Mixed Platforms.ActiveCfg = AutomatedDebug-4.0|Any CPU
		{B734DE3F-E1EC-42B4-8AB1-A55A934584CF}.AutomatedDebug-4.0|Mixed Platforms.Build.0 = AutomatedDebug-4.0|Any CPU
		{B734DE3F-E1EC-42B4-8AB1-A55A934584CF}.AutomatedDebug-4.0|x86.ActiveCfg = AutomatedDebug-4.0|Any CPU
		{B734DE3F-E1EC-42B4-8AB1-A55A934584CF}.Debug|Any CPU.ActiveCfg = Debug|Any CPU
		{B734DE3F-E1EC-42B4-8AB1-A55A934584CF}.Debug|Any CPU.Build.0 = Debug|Any CPU
		{B734DE3F-E1EC-42B4-8AB1-A55A934584CF}.Debug|Mixed Platforms.ActiveCfg = Debug|Any CPU
		{B734DE3F-E1EC-42B4-8AB1-A55A934584CF}.Debug|Mixed Platforms.Build.0 = Debug|Any CPU
		{B734DE3F-E1EC-42B4-8AB1-A55A934584CF}.Debug|x86.ActiveCfg = Debug|Any CPU
		{B734DE3F-E1EC-42B4-8AB1-A55A934584CF}.Release|Any CPU.ActiveCfg = Release|Any CPU
		{B734DE3F-E1EC-42B4-8AB1-A55A934584CF}.Release|Any CPU.Build.0 = Release|Any CPU
		{B734DE3F-E1EC-42B4-8AB1-A55A934584CF}.Release|Mixed Platforms.ActiveCfg = Release|Any CPU
		{B734DE3F-E1EC-42B4-8AB1-A55A934584CF}.Release|Mixed Platforms.Build.0 = Release|Any CPU
		{B734DE3F-E1EC-42B4-8AB1-A55A934584CF}.Release|x86.ActiveCfg = Release|Any CPU
		{7F733093-3E25-40FD-B2D5-5431352F3D16}.AutomatedDebug-3.5|Any CPU.ActiveCfg = AutomatedDebug-3.5|Any CPU
		{7F733093-3E25-40FD-B2D5-5431352F3D16}.AutomatedDebug-3.5|Any CPU.Build.0 = AutomatedDebug-3.5|Any CPU
		{7F733093-3E25-40FD-B2D5-5431352F3D16}.AutomatedDebug-3.5|Mixed Platforms.ActiveCfg = AutomatedDebug-3.5|Any CPU
		{7F733093-3E25-40FD-B2D5-5431352F3D16}.AutomatedDebug-3.5|Mixed Platforms.Build.0 = AutomatedDebug-3.5|Any CPU
		{7F733093-3E25-40FD-B2D5-5431352F3D16}.AutomatedDebug-3.5|x86.ActiveCfg = AutomatedDebug-3.5|Any CPU
		{7F733093-3E25-40FD-B2D5-5431352F3D16}.AutomatedDebug-4.0|Any CPU.ActiveCfg = AutomatedDebug-4.0|Any CPU
		{7F733093-3E25-40FD-B2D5-5431352F3D16}.AutomatedDebug-4.0|Any CPU.Build.0 = AutomatedDebug-4.0|Any CPU
		{7F733093-3E25-40FD-B2D5-5431352F3D16}.AutomatedDebug-4.0|Mixed Platforms.ActiveCfg = AutomatedDebug-4.0|Any CPU
		{7F733093-3E25-40FD-B2D5-5431352F3D16}.AutomatedDebug-4.0|Mixed Platforms.Build.0 = AutomatedDebug-4.0|Any CPU
		{7F733093-3E25-40FD-B2D5-5431352F3D16}.AutomatedDebug-4.0|x86.ActiveCfg = AutomatedDebug-4.0|Any CPU
		{7F733093-3E25-40FD-B2D5-5431352F3D16}.Debug|Any CPU.ActiveCfg = Debug|Any CPU
		{7F733093-3E25-40FD-B2D5-5431352F3D16}.Debug|Any CPU.Build.0 = Debug|Any CPU
		{7F733093-3E25-40FD-B2D5-5431352F3D16}.Debug|Mixed Platforms.ActiveCfg = Debug|Any CPU
		{7F733093-3E25-40FD-B2D5-5431352F3D16}.Debug|Mixed Platforms.Build.0 = Debug|Any CPU
		{7F733093-3E25-40FD-B2D5-5431352F3D16}.Debug|x86.ActiveCfg = Debug|Any CPU
		{7F733093-3E25-40FD-B2D5-5431352F3D16}.Release|Any CPU.ActiveCfg = Release|Any CPU
		{7F733093-3E25-40FD-B2D5-5431352F3D16}.Release|Any CPU.Build.0 = Release|Any CPU
		{7F733093-3E25-40FD-B2D5-5431352F3D16}.Release|Mixed Platforms.ActiveCfg = Release|Any CPU
		{7F733093-3E25-40FD-B2D5-5431352F3D16}.Release|Mixed Platforms.Build.0 = Release|Any CPU
		{7F733093-3E25-40FD-B2D5-5431352F3D16}.Release|x86.ActiveCfg = Release|Any CPU
		{8FF0E10C-FC63-4630-89AF-B039D341FA7D}.AutomatedDebug-3.5|Any CPU.ActiveCfg = AutomatedDebug-3.5|Any CPU
		{8FF0E10C-FC63-4630-89AF-B039D341FA7D}.AutomatedDebug-3.5|Any CPU.Build.0 = AutomatedDebug-3.5|Any CPU
		{8FF0E10C-FC63-4630-89AF-B039D341FA7D}.AutomatedDebug-3.5|Mixed Platforms.ActiveCfg = AutomatedDebug-3.5|Any CPU
		{8FF0E10C-FC63-4630-89AF-B039D341FA7D}.AutomatedDebug-3.5|Mixed Platforms.Build.0 = AutomatedDebug-3.5|Any CPU
		{8FF0E10C-FC63-4630-89AF-B039D341FA7D}.AutomatedDebug-3.5|x86.ActiveCfg = AutomatedDebug-3.5|Any CPU
		{8FF0E10C-FC63-4630-89AF-B039D341FA7D}.AutomatedDebug-4.0|Any CPU.ActiveCfg = AutomatedDebug-4.0|Any CPU
		{8FF0E10C-FC63-4630-89AF-B039D341FA7D}.AutomatedDebug-4.0|Any CPU.Build.0 = AutomatedDebug-4.0|Any CPU
		{8FF0E10C-FC63-4630-89AF-B039D341FA7D}.AutomatedDebug-4.0|Mixed Platforms.ActiveCfg = AutomatedDebug-4.0|Any CPU
		{8FF0E10C-FC63-4630-89AF-B039D341FA7D}.AutomatedDebug-4.0|Mixed Platforms.Build.0 = AutomatedDebug-4.0|Any CPU
		{8FF0E10C-FC63-4630-89AF-B039D341FA7D}.AutomatedDebug-4.0|x86.ActiveCfg = AutomatedDebug-4.0|Any CPU
		{8FF0E10C-FC63-4630-89AF-B039D341FA7D}.Debug|Any CPU.ActiveCfg = Debug|Any CPU
		{8FF0E10C-FC63-4630-89AF-B039D341FA7D}.Debug|Any CPU.Build.0 = Debug|Any CPU
		{8FF0E10C-FC63-4630-89AF-B039D341FA7D}.Debug|Mixed Platforms.ActiveCfg = Debug|Any CPU
		{8FF0E10C-FC63-4630-89AF-B039D341FA7D}.Debug|Mixed Platforms.Build.0 = Debug|Any CPU
		{8FF0E10C-FC63-4630-89AF-B039D341FA7D}.Debug|x86.ActiveCfg = Debug|Any CPU
		{8FF0E10C-FC63-4630-89AF-B039D341FA7D}.Release|Any CPU.ActiveCfg = Release|Any CPU
		{8FF0E10C-FC63-4630-89AF-B039D341FA7D}.Release|Any CPU.Build.0 = Release|Any CPU
		{8FF0E10C-FC63-4630-89AF-B039D341FA7D}.Release|Mixed Platforms.ActiveCfg = Release|Any CPU
		{8FF0E10C-FC63-4630-89AF-B039D341FA7D}.Release|Mixed Platforms.Build.0 = Release|Any CPU
		{8FF0E10C-FC63-4630-89AF-B039D341FA7D}.Release|x86.ActiveCfg = Release|Any CPU
		{CFC6A48D-10DA-4996-B1DF-E5F9C6D744A6}.AutomatedDebug-3.5|Any CPU.ActiveCfg = AutomatedDebug-3.5|Any CPU
		{CFC6A48D-10DA-4996-B1DF-E5F9C6D744A6}.AutomatedDebug-3.5|Any CPU.Build.0 = AutomatedDebug-3.5|Any CPU
		{CFC6A48D-10DA-4996-B1DF-E5F9C6D744A6}.AutomatedDebug-3.5|Mixed Platforms.ActiveCfg = AutomatedDebug-3.5|Any CPU
		{CFC6A48D-10DA-4996-B1DF-E5F9C6D744A6}.AutomatedDebug-3.5|Mixed Platforms.Build.0 = AutomatedDebug-3.5|Any CPU
		{CFC6A48D-10DA-4996-B1DF-E5F9C6D744A6}.AutomatedDebug-3.5|x86.ActiveCfg = AutomatedDebug-3.5|Any CPU
		{CFC6A48D-10DA-4996-B1DF-E5F9C6D744A6}.AutomatedDebug-4.0|Any CPU.ActiveCfg = AutomatedDebug-4.0|Any CPU
		{CFC6A48D-10DA-4996-B1DF-E5F9C6D744A6}.AutomatedDebug-4.0|Any CPU.Build.0 = AutomatedDebug-4.0|Any CPU
		{CFC6A48D-10DA-4996-B1DF-E5F9C6D744A6}.AutomatedDebug-4.0|Mixed Platforms.ActiveCfg = AutomatedDebug-4.0|Any CPU
		{CFC6A48D-10DA-4996-B1DF-E5F9C6D744A6}.AutomatedDebug-4.0|Mixed Platforms.Build.0 = AutomatedDebug-4.0|Any CPU
		{CFC6A48D-10DA-4996-B1DF-E5F9C6D744A6}.AutomatedDebug-4.0|x86.ActiveCfg = AutomatedDebug-4.0|Any CPU
		{CFC6A48D-10DA-4996-B1DF-E5F9C6D744A6}.Debug|Any CPU.ActiveCfg = Debug|Any CPU
		{CFC6A48D-10DA-4996-B1DF-E5F9C6D744A6}.Debug|Any CPU.Build.0 = Debug|Any CPU
		{CFC6A48D-10DA-4996-B1DF-E5F9C6D744A6}.Debug|Mixed Platforms.ActiveCfg = Debug|Any CPU
		{CFC6A48D-10DA-4996-B1DF-E5F9C6D744A6}.Debug|Mixed Platforms.Build.0 = Debug|Any CPU
		{CFC6A48D-10DA-4996-B1DF-E5F9C6D744A6}.Debug|x86.ActiveCfg = Debug|Any CPU
		{CFC6A48D-10DA-4996-B1DF-E5F9C6D744A6}.Release|Any CPU.ActiveCfg = Release|Any CPU
		{CFC6A48D-10DA-4996-B1DF-E5F9C6D744A6}.Release|Any CPU.Build.0 = Release|Any CPU
		{CFC6A48D-10DA-4996-B1DF-E5F9C6D744A6}.Release|Mixed Platforms.ActiveCfg = Release|Any CPU
		{CFC6A48D-10DA-4996-B1DF-E5F9C6D744A6}.Release|Mixed Platforms.Build.0 = Release|Any CPU
		{CFC6A48D-10DA-4996-B1DF-E5F9C6D744A6}.Release|x86.ActiveCfg = Release|Any CPU
		{3CF07281-565F-412E-9710-E8104E0391D9}.AutomatedDebug-3.5|Any CPU.ActiveCfg = AutomatedDebug-3.5|Any CPU
		{3CF07281-565F-412E-9710-E8104E0391D9}.AutomatedDebug-3.5|Any CPU.Build.0 = AutomatedDebug-3.5|Any CPU
		{3CF07281-565F-412E-9710-E8104E0391D9}.AutomatedDebug-3.5|Mixed Platforms.ActiveCfg = AutomatedDebug-3.5|Any CPU
		{3CF07281-565F-412E-9710-E8104E0391D9}.AutomatedDebug-3.5|Mixed Platforms.Build.0 = AutomatedDebug-3.5|Any CPU
		{3CF07281-565F-412E-9710-E8104E0391D9}.AutomatedDebug-3.5|x86.ActiveCfg = AutomatedDebug-3.5|Any CPU
		{3CF07281-565F-412E-9710-E8104E0391D9}.AutomatedDebug-4.0|Any CPU.ActiveCfg = AutomatedDebug-4.0|Any CPU
		{3CF07281-565F-412E-9710-E8104E0391D9}.AutomatedDebug-4.0|Any CPU.Build.0 = AutomatedDebug-4.0|Any CPU
		{3CF07281-565F-412E-9710-E8104E0391D9}.AutomatedDebug-4.0|Mixed Platforms.ActiveCfg = AutomatedDebug-4.0|Any CPU
		{3CF07281-565F-412E-9710-E8104E0391D9}.AutomatedDebug-4.0|Mixed Platforms.Build.0 = AutomatedDebug-4.0|Any CPU
		{3CF07281-565F-412E-9710-E8104E0391D9}.AutomatedDebug-4.0|x86.ActiveCfg = AutomatedDebug-4.0|Any CPU
		{3CF07281-565F-412E-9710-E8104E0391D9}.Debug|Any CPU.ActiveCfg = Debug|Any CPU
		{3CF07281-565F-412E-9710-E8104E0391D9}.Debug|Any CPU.Build.0 = Debug|Any CPU
		{3CF07281-565F-412E-9710-E8104E0391D9}.Debug|Mixed Platforms.ActiveCfg = Debug|Any CPU
		{3CF07281-565F-412E-9710-E8104E0391D9}.Debug|Mixed Platforms.Build.0 = Debug|Any CPU
		{3CF07281-565F-412E-9710-E8104E0391D9}.Debug|x86.ActiveCfg = Debug|Any CPU
		{3CF07281-565F-412E-9710-E8104E0391D9}.Release|Any CPU.ActiveCfg = Release|Any CPU
		{3CF07281-565F-412E-9710-E8104E0391D9}.Release|Any CPU.Build.0 = Release|Any CPU
		{3CF07281-565F-412E-9710-E8104E0391D9}.Release|Mixed Platforms.ActiveCfg = Release|Any CPU
		{3CF07281-565F-412E-9710-E8104E0391D9}.Release|Mixed Platforms.Build.0 = Release|Any CPU
		{3CF07281-565F-412E-9710-E8104E0391D9}.Release|x86.ActiveCfg = Release|Any CPU
		{D8A52514-2077-4363-BDCF-FDCD2EE24117}.AutomatedDebug-3.5|Any CPU.ActiveCfg = AutomatedDebug-3.5|Any CPU
		{D8A52514-2077-4363-BDCF-FDCD2EE24117}.AutomatedDebug-3.5|Any CPU.Build.0 = AutomatedDebug-3.5|Any CPU
		{D8A52514-2077-4363-BDCF-FDCD2EE24117}.AutomatedDebug-3.5|Mixed Platforms.ActiveCfg = AutomatedDebug-3.5|Any CPU
		{D8A52514-2077-4363-BDCF-FDCD2EE24117}.AutomatedDebug-3.5|Mixed Platforms.Build.0 = AutomatedDebug-3.5|Any CPU
		{D8A52514-2077-4363-BDCF-FDCD2EE24117}.AutomatedDebug-3.5|x86.ActiveCfg = AutomatedDebug-3.5|Any CPU
		{D8A52514-2077-4363-BDCF-FDCD2EE24117}.AutomatedDebug-4.0|Any CPU.ActiveCfg = AutomatedDebug-4.0|Any CPU
		{D8A52514-2077-4363-BDCF-FDCD2EE24117}.AutomatedDebug-4.0|Any CPU.Build.0 = AutomatedDebug-4.0|Any CPU
		{D8A52514-2077-4363-BDCF-FDCD2EE24117}.AutomatedDebug-4.0|Mixed Platforms.ActiveCfg = AutomatedDebug-4.0|Any CPU
		{D8A52514-2077-4363-BDCF-FDCD2EE24117}.AutomatedDebug-4.0|Mixed Platforms.Build.0 = AutomatedDebug-4.0|Any CPU
		{D8A52514-2077-4363-BDCF-FDCD2EE24117}.AutomatedDebug-4.0|x86.ActiveCfg = AutomatedDebug-4.0|Any CPU
		{D8A52514-2077-4363-BDCF-FDCD2EE24117}.Debug|Any CPU.ActiveCfg = Debug|Any CPU
		{D8A52514-2077-4363-BDCF-FDCD2EE24117}.Debug|Any CPU.Build.0 = Debug|Any CPU
		{D8A52514-2077-4363-BDCF-FDCD2EE24117}.Debug|Mixed Platforms.ActiveCfg = Debug|Any CPU
		{D8A52514-2077-4363-BDCF-FDCD2EE24117}.Debug|Mixed Platforms.Build.0 = Debug|Any CPU
		{D8A52514-2077-4363-BDCF-FDCD2EE24117}.Debug|x86.ActiveCfg = Debug|Any CPU
		{D8A52514-2077-4363-BDCF-FDCD2EE24117}.Release|Any CPU.ActiveCfg = Release|Any CPU
		{D8A52514-2077-4363-BDCF-FDCD2EE24117}.Release|Any CPU.Build.0 = Release|Any CPU
		{D8A52514-2077-4363-BDCF-FDCD2EE24117}.Release|Mixed Platforms.ActiveCfg = Release|Any CPU
		{D8A52514-2077-4363-BDCF-FDCD2EE24117}.Release|Mixed Platforms.Build.0 = Release|Any CPU
		{D8A52514-2077-4363-BDCF-FDCD2EE24117}.Release|x86.ActiveCfg = Release|Any CPU
		{2162701A-70E9-4659-B17C-DEBA72C175D4}.AutomatedDebug-3.5|Any CPU.ActiveCfg = AutomatedDebug-3.5|Any CPU
		{2162701A-70E9-4659-B17C-DEBA72C175D4}.AutomatedDebug-3.5|Any CPU.Build.0 = AutomatedDebug-3.5|Any CPU
		{2162701A-70E9-4659-B17C-DEBA72C175D4}.AutomatedDebug-3.5|Mixed Platforms.ActiveCfg = AutomatedDebug-3.5|Any CPU
		{2162701A-70E9-4659-B17C-DEBA72C175D4}.AutomatedDebug-3.5|Mixed Platforms.Build.0 = AutomatedDebug-3.5|Any CPU
		{2162701A-70E9-4659-B17C-DEBA72C175D4}.AutomatedDebug-3.5|x86.ActiveCfg = AutomatedDebug-3.5|Any CPU
		{2162701A-70E9-4659-B17C-DEBA72C175D4}.AutomatedDebug-4.0|Any CPU.ActiveCfg = AutomatedDebug-4.0|Any CPU
		{2162701A-70E9-4659-B17C-DEBA72C175D4}.AutomatedDebug-4.0|Any CPU.Build.0 = AutomatedDebug-4.0|Any CPU
		{2162701A-70E9-4659-B17C-DEBA72C175D4}.AutomatedDebug-4.0|Mixed Platforms.ActiveCfg = AutomatedDebug-4.0|Any CPU
		{2162701A-70E9-4659-B17C-DEBA72C175D4}.AutomatedDebug-4.0|Mixed Platforms.Build.0 = AutomatedDebug-4.0|Any CPU
		{2162701A-70E9-4659-B17C-DEBA72C175D4}.AutomatedDebug-4.0|x86.ActiveCfg = AutomatedDebug-4.0|Any CPU
		{2162701A-70E9-4659-B17C-DEBA72C175D4}.Debug|Any CPU.ActiveCfg = Debug|Any CPU
		{2162701A-70E9-4659-B17C-DEBA72C175D4}.Debug|Any CPU.Build.0 = Debug|Any CPU
		{2162701A-70E9-4659-B17C-DEBA72C175D4}.Debug|Mixed Platforms.ActiveCfg = Debug|Any CPU
		{2162701A-70E9-4659-B17C-DEBA72C175D4}.Debug|Mixed Platforms.Build.0 = Debug|Any CPU
		{2162701A-70E9-4659-B17C-DEBA72C175D4}.Debug|x86.ActiveCfg = Debug|Any CPU
		{2162701A-70E9-4659-B17C-DEBA72C175D4}.Release|Any CPU.ActiveCfg = Release|Any CPU
		{2162701A-70E9-4659-B17C-DEBA72C175D4}.Release|Any CPU.Build.0 = Release|Any CPU
		{2162701A-70E9-4659-B17C-DEBA72C175D4}.Release|Mixed Platforms.ActiveCfg = Release|Any CPU
		{2162701A-70E9-4659-B17C-DEBA72C175D4}.Release|Mixed Platforms.Build.0 = Release|Any CPU
		{2162701A-70E9-4659-B17C-DEBA72C175D4}.Release|x86.ActiveCfg = Release|Any CPU
		{E2F5DC64-F661-459E-AC9C-1435FE9DFAA7}.AutomatedDebug-3.5|Any CPU.ActiveCfg = AutomatedDebug-3.5|Any CPU
		{E2F5DC64-F661-459E-AC9C-1435FE9DFAA7}.AutomatedDebug-3.5|Any CPU.Build.0 = AutomatedDebug-3.5|Any CPU
		{E2F5DC64-F661-459E-AC9C-1435FE9DFAA7}.AutomatedDebug-3.5|Mixed Platforms.ActiveCfg = AutomatedDebug-3.5|Any CPU
		{E2F5DC64-F661-459E-AC9C-1435FE9DFAA7}.AutomatedDebug-3.5|Mixed Platforms.Build.0 = AutomatedDebug-3.5|Any CPU
		{E2F5DC64-F661-459E-AC9C-1435FE9DFAA7}.AutomatedDebug-3.5|x86.ActiveCfg = AutomatedDebug-3.5|Any CPU
		{E2F5DC64-F661-459E-AC9C-1435FE9DFAA7}.AutomatedDebug-4.0|Any CPU.ActiveCfg = AutomatedDebug-4.0|Any CPU
		{E2F5DC64-F661-459E-AC9C-1435FE9DFAA7}.AutomatedDebug-4.0|Any CPU.Build.0 = AutomatedDebug-4.0|Any CPU
		{E2F5DC64-F661-459E-AC9C-1435FE9DFAA7}.AutomatedDebug-4.0|Mixed Platforms.ActiveCfg = AutomatedDebug-4.0|Any CPU
		{E2F5DC64-F661-459E-AC9C-1435FE9DFAA7}.AutomatedDebug-4.0|Mixed Platforms.Build.0 = AutomatedDebug-4.0|Any CPU
		{E2F5DC64-F661-459E-AC9C-1435FE9DFAA7}.AutomatedDebug-4.0|x86.ActiveCfg = AutomatedDebug-4.0|Any CPU
		{E2F5DC64-F661-459E-AC9C-1435FE9DFAA7}.Debug|Any CPU.ActiveCfg = Debug|Any CPU
		{E2F5DC64-F661-459E-AC9C-1435FE9DFAA7}.Debug|Any CPU.Build.0 = Debug|Any CPU
		{E2F5DC64-F661-459E-AC9C-1435FE9DFAA7}.Debug|Mixed Platforms.ActiveCfg = Debug|Any CPU
		{E2F5DC64-F661-459E-AC9C-1435FE9DFAA7}.Debug|Mixed Platforms.Build.0 = Debug|Any CPU
		{E2F5DC64-F661-459E-AC9C-1435FE9DFAA7}.Debug|x86.ActiveCfg = Debug|Any CPU
		{E2F5DC64-F661-459E-AC9C-1435FE9DFAA7}.Release|Any CPU.ActiveCfg = Release|Any CPU
		{E2F5DC64-F661-459E-AC9C-1435FE9DFAA7}.Release|Any CPU.Build.0 = Release|Any CPU
		{E2F5DC64-F661-459E-AC9C-1435FE9DFAA7}.Release|Mixed Platforms.ActiveCfg = Release|Any CPU
		{E2F5DC64-F661-459E-AC9C-1435FE9DFAA7}.Release|Mixed Platforms.Build.0 = Release|Any CPU
		{E2F5DC64-F661-459E-AC9C-1435FE9DFAA7}.Release|x86.ActiveCfg = Release|Any CPU
		{44E05748-3318-41A9-960F-48FDD151D9A1}.AutomatedDebug-3.5|Any CPU.ActiveCfg = AutomatedDebug-3.5|Any CPU
		{44E05748-3318-41A9-960F-48FDD151D9A1}.AutomatedDebug-3.5|Any CPU.Build.0 = AutomatedDebug-3.5|Any CPU
		{44E05748-3318-41A9-960F-48FDD151D9A1}.AutomatedDebug-3.5|Mixed Platforms.ActiveCfg = AutomatedDebug-3.5|Any CPU
		{44E05748-3318-41A9-960F-48FDD151D9A1}.AutomatedDebug-3.5|Mixed Platforms.Build.0 = AutomatedDebug-3.5|Any CPU
		{44E05748-3318-41A9-960F-48FDD151D9A1}.AutomatedDebug-3.5|x86.ActiveCfg = AutomatedDebug-3.5|Any CPU
		{44E05748-3318-41A9-960F-48FDD151D9A1}.AutomatedDebug-4.0|Any CPU.ActiveCfg = AutomatedDebug-4.0|Any CPU
		{44E05748-3318-41A9-960F-48FDD151D9A1}.AutomatedDebug-4.0|Any CPU.Build.0 = AutomatedDebug-4.0|Any CPU
		{44E05748-3318-41A9-960F-48FDD151D9A1}.AutomatedDebug-4.0|Mixed Platforms.ActiveCfg = AutomatedDebug-4.0|Any CPU
		{44E05748-3318-41A9-960F-48FDD151D9A1}.AutomatedDebug-4.0|Mixed Platforms.Build.0 = AutomatedDebug-4.0|Any CPU
		{44E05748-3318-41A9-960F-48FDD151D9A1}.AutomatedDebug-4.0|x86.ActiveCfg = AutomatedDebug-4.0|Any CPU
		{44E05748-3318-41A9-960F-48FDD151D9A1}.Debug|Any CPU.ActiveCfg = Debug|Any CPU
		{44E05748-3318-41A9-960F-48FDD151D9A1}.Debug|Any CPU.Build.0 = Debug|Any CPU
		{44E05748-3318-41A9-960F-48FDD151D9A1}.Debug|Mixed Platforms.ActiveCfg = Debug|Any CPU
		{44E05748-3318-41A9-960F-48FDD151D9A1}.Debug|Mixed Platforms.Build.0 = Debug|Any CPU
		{44E05748-3318-41A9-960F-48FDD151D9A1}.Debug|x86.ActiveCfg = Debug|Any CPU
		{44E05748-3318-41A9-960F-48FDD151D9A1}.Release|Any CPU.ActiveCfg = Release|Any CPU
		{44E05748-3318-41A9-960F-48FDD151D9A1}.Release|Any CPU.Build.0 = Release|Any CPU
		{44E05748-3318-41A9-960F-48FDD151D9A1}.Release|Mixed Platforms.ActiveCfg = Release|Any CPU
		{44E05748-3318-41A9-960F-48FDD151D9A1}.Release|Mixed Platforms.Build.0 = Release|Any CPU
		{44E05748-3318-41A9-960F-48FDD151D9A1}.Release|x86.ActiveCfg = Release|Any CPU
		{1C67DD24-2A67-45CB-B46E-B4D4DF60B4A0}.AutomatedDebug-3.5|Any CPU.ActiveCfg = AutomatedDebug-3.5|Any CPU
		{1C67DD24-2A67-45CB-B46E-B4D4DF60B4A0}.AutomatedDebug-3.5|Any CPU.Build.0 = AutomatedDebug-3.5|Any CPU
		{1C67DD24-2A67-45CB-B46E-B4D4DF60B4A0}.AutomatedDebug-3.5|Mixed Platforms.ActiveCfg = AutomatedDebug-3.5|Any CPU
		{1C67DD24-2A67-45CB-B46E-B4D4DF60B4A0}.AutomatedDebug-3.5|Mixed Platforms.Build.0 = AutomatedDebug-3.5|Any CPU
		{1C67DD24-2A67-45CB-B46E-B4D4DF60B4A0}.AutomatedDebug-3.5|x86.ActiveCfg = AutomatedDebug-3.5|Any CPU
		{1C67DD24-2A67-45CB-B46E-B4D4DF60B4A0}.AutomatedDebug-4.0|Any CPU.ActiveCfg = AutomatedDebug-4.0|Any CPU
		{1C67DD24-2A67-45CB-B46E-B4D4DF60B4A0}.AutomatedDebug-4.0|Any CPU.Build.0 = AutomatedDebug-4.0|Any CPU
		{1C67DD24-2A67-45CB-B46E-B4D4DF60B4A0}.AutomatedDebug-4.0|Mixed Platforms.ActiveCfg = AutomatedDebug-4.0|Any CPU
		{1C67DD24-2A67-45CB-B46E-B4D4DF60B4A0}.AutomatedDebug-4.0|Mixed Platforms.Build.0 = AutomatedDebug-4.0|Any CPU
		{1C67DD24-2A67-45CB-B46E-B4D4DF60B4A0}.AutomatedDebug-4.0|x86.ActiveCfg = AutomatedDebug-4.0|Any CPU
		{1C67DD24-2A67-45CB-B46E-B4D4DF60B4A0}.Debug|Any CPU.ActiveCfg = Debug|Any CPU
		{1C67DD24-2A67-45CB-B46E-B4D4DF60B4A0}.Debug|Any CPU.Build.0 = Debug|Any CPU
		{1C67DD24-2A67-45CB-B46E-B4D4DF60B4A0}.Debug|Mixed Platforms.ActiveCfg = Debug|Any CPU
		{1C67DD24-2A67-45CB-B46E-B4D4DF60B4A0}.Debug|Mixed Platforms.Build.0 = Debug|Any CPU
		{1C67DD24-2A67-45CB-B46E-B4D4DF60B4A0}.Debug|x86.ActiveCfg = Debug|Any CPU
		{1C67DD24-2A67-45CB-B46E-B4D4DF60B4A0}.Release|Any CPU.ActiveCfg = Release|Any CPU
		{1C67DD24-2A67-45CB-B46E-B4D4DF60B4A0}.Release|Any CPU.Build.0 = Release|Any CPU
		{1C67DD24-2A67-45CB-B46E-B4D4DF60B4A0}.Release|Mixed Platforms.ActiveCfg = Release|Any CPU
		{1C67DD24-2A67-45CB-B46E-B4D4DF60B4A0}.Release|Mixed Platforms.Build.0 = Release|Any CPU
		{1C67DD24-2A67-45CB-B46E-B4D4DF60B4A0}.Release|x86.ActiveCfg = Release|Any CPU
		{90E5D8FC-B7D4-4531-BA41-176AA87D38E5}.AutomatedDebug-3.5|Any CPU.ActiveCfg = AutomatedDebug-3.5|Any CPU
		{90E5D8FC-B7D4-4531-BA41-176AA87D38E5}.AutomatedDebug-3.5|Any CPU.Build.0 = AutomatedDebug-3.5|Any CPU
		{90E5D8FC-B7D4-4531-BA41-176AA87D38E5}.AutomatedDebug-3.5|Mixed Platforms.ActiveCfg = AutomatedDebug-3.5|Any CPU
		{90E5D8FC-B7D4-4531-BA41-176AA87D38E5}.AutomatedDebug-3.5|Mixed Platforms.Build.0 = AutomatedDebug-3.5|Any CPU
		{90E5D8FC-B7D4-4531-BA41-176AA87D38E5}.AutomatedDebug-3.5|x86.ActiveCfg = AutomatedDebug-3.5|Any CPU
		{90E5D8FC-B7D4-4531-BA41-176AA87D38E5}.AutomatedDebug-4.0|Any CPU.ActiveCfg = AutomatedDebug-4.0|Any CPU
		{90E5D8FC-B7D4-4531-BA41-176AA87D38E5}.AutomatedDebug-4.0|Any CPU.Build.0 = AutomatedDebug-4.0|Any CPU
		{90E5D8FC-B7D4-4531-BA41-176AA87D38E5}.AutomatedDebug-4.0|Mixed Platforms.ActiveCfg = AutomatedDebug-4.0|Any CPU
		{90E5D8FC-B7D4-4531-BA41-176AA87D38E5}.AutomatedDebug-4.0|Mixed Platforms.Build.0 = AutomatedDebug-4.0|Any CPU
		{90E5D8FC-B7D4-4531-BA41-176AA87D38E5}.AutomatedDebug-4.0|x86.ActiveCfg = AutomatedDebug-4.0|Any CPU
		{90E5D8FC-B7D4-4531-BA41-176AA87D38E5}.Debug|Any CPU.ActiveCfg = Debug|Any CPU
		{90E5D8FC-B7D4-4531-BA41-176AA87D38E5}.Debug|Any CPU.Build.0 = Debug|Any CPU
		{90E5D8FC-B7D4-4531-BA41-176AA87D38E5}.Debug|Mixed Platforms.ActiveCfg = Debug|Any CPU
		{90E5D8FC-B7D4-4531-BA41-176AA87D38E5}.Debug|Mixed Platforms.Build.0 = Debug|Any CPU
		{90E5D8FC-B7D4-4531-BA41-176AA87D38E5}.Debug|x86.ActiveCfg = Debug|Any CPU
		{90E5D8FC-B7D4-4531-BA41-176AA87D38E5}.Release|Any CPU.ActiveCfg = Release|Any CPU
		{90E5D8FC-B7D4-4531-BA41-176AA87D38E5}.Release|Any CPU.Build.0 = Release|Any CPU
		{90E5D8FC-B7D4-4531-BA41-176AA87D38E5}.Release|Mixed Platforms.ActiveCfg = Release|Any CPU
		{90E5D8FC-B7D4-4531-BA41-176AA87D38E5}.Release|Mixed Platforms.Build.0 = Release|Any CPU
		{90E5D8FC-B7D4-4531-BA41-176AA87D38E5}.Release|x86.ActiveCfg = Release|Any CPU
		{E2EF537E-04C9-4804-9848-4205277D74AF}.AutomatedDebug-3.5|Any CPU.ActiveCfg = AutomatedDebug-3.5|Any CPU
		{E2EF537E-04C9-4804-9848-4205277D74AF}.AutomatedDebug-3.5|Mixed Platforms.ActiveCfg = AutomatedDebug-3.5|Any CPU
		{E2EF537E-04C9-4804-9848-4205277D74AF}.AutomatedDebug-3.5|x86.ActiveCfg = AutomatedDebug-3.5|Any CPU
		{E2EF537E-04C9-4804-9848-4205277D74AF}.AutomatedDebug-4.0|Any CPU.ActiveCfg = AutomatedDebug-4.0|Any CPU
		{E2EF537E-04C9-4804-9848-4205277D74AF}.AutomatedDebug-4.0|Any CPU.Build.0 = AutomatedDebug-4.0|Any CPU
		{E2EF537E-04C9-4804-9848-4205277D74AF}.AutomatedDebug-4.0|Mixed Platforms.ActiveCfg = AutomatedDebug-4.0|Any CPU
		{E2EF537E-04C9-4804-9848-4205277D74AF}.AutomatedDebug-4.0|Mixed Platforms.Build.0 = AutomatedDebug-4.0|Any CPU
		{E2EF537E-04C9-4804-9848-4205277D74AF}.AutomatedDebug-4.0|x86.ActiveCfg = AutomatedDebug-4.0|Any CPU
		{E2EF537E-04C9-4804-9848-4205277D74AF}.Debug|Any CPU.ActiveCfg = Debug|Any CPU
		{E2EF537E-04C9-4804-9848-4205277D74AF}.Debug|Any CPU.Build.0 = Debug|Any CPU
		{E2EF537E-04C9-4804-9848-4205277D74AF}.Debug|Mixed Platforms.ActiveCfg = Debug|Any CPU
		{E2EF537E-04C9-4804-9848-4205277D74AF}.Debug|Mixed Platforms.Build.0 = Debug|Any CPU
		{E2EF537E-04C9-4804-9848-4205277D74AF}.Debug|x86.ActiveCfg = Debug|Any CPU
		{E2EF537E-04C9-4804-9848-4205277D74AF}.Release|Any CPU.ActiveCfg = Release|Any CPU
		{E2EF537E-04C9-4804-9848-4205277D74AF}.Release|Any CPU.Build.0 = Release|Any CPU
		{E2EF537E-04C9-4804-9848-4205277D74AF}.Release|Mixed Platforms.ActiveCfg = Release|Any CPU
		{E2EF537E-04C9-4804-9848-4205277D74AF}.Release|Mixed Platforms.Build.0 = Release|Any CPU
		{E2EF537E-04C9-4804-9848-4205277D74AF}.Release|x86.ActiveCfg = Release|Any CPU
		{EAD364F3-9162-46EE-83AA-5E938FE126FA}.AutomatedDebug-3.5|Any CPU.ActiveCfg = AutomatedDebug-3.5|Any CPU
		{EAD364F3-9162-46EE-83AA-5E938FE126FA}.AutomatedDebug-3.5|Any CPU.Build.0 = AutomatedDebug-3.5|Any CPU
		{EAD364F3-9162-46EE-83AA-5E938FE126FA}.AutomatedDebug-3.5|Mixed Platforms.ActiveCfg = AutomatedDebug-3.5|Any CPU
		{EAD364F3-9162-46EE-83AA-5E938FE126FA}.AutomatedDebug-3.5|Mixed Platforms.Build.0 = AutomatedDebug-3.5|Any CPU
		{EAD364F3-9162-46EE-83AA-5E938FE126FA}.AutomatedDebug-3.5|x86.ActiveCfg = AutomatedDebug-3.5|Any CPU
		{EAD364F3-9162-46EE-83AA-5E938FE126FA}.AutomatedDebug-4.0|Any CPU.ActiveCfg = AutomatedDebug-4.0|Any CPU
		{EAD364F3-9162-46EE-83AA-5E938FE126FA}.AutomatedDebug-4.0|Mixed Platforms.ActiveCfg = AutomatedDebug-4.0|Any CPU
		{EAD364F3-9162-46EE-83AA-5E938FE126FA}.AutomatedDebug-4.0|Mixed Platforms.Build.0 = AutomatedDebug-4.0|Any CPU
		{EAD364F3-9162-46EE-83AA-5E938FE126FA}.AutomatedDebug-4.0|x86.ActiveCfg = AutomatedDebug-4.0|Any CPU
		{EAD364F3-9162-46EE-83AA-5E938FE126FA}.Debug|Any CPU.ActiveCfg = Debug|Any CPU
		{EAD364F3-9162-46EE-83AA-5E938FE126FA}.Debug|Mixed Platforms.ActiveCfg = Debug|Any CPU
		{EAD364F3-9162-46EE-83AA-5E938FE126FA}.Debug|Mixed Platforms.Build.0 = Debug|Any CPU
		{EAD364F3-9162-46EE-83AA-5E938FE126FA}.Debug|x86.ActiveCfg = Debug|Any CPU
		{EAD364F3-9162-46EE-83AA-5E938FE126FA}.Release|Any CPU.ActiveCfg = Release|Any CPU
		{EAD364F3-9162-46EE-83AA-5E938FE126FA}.Release|Mixed Platforms.ActiveCfg = Release|Any CPU
		{EAD364F3-9162-46EE-83AA-5E938FE126FA}.Release|Mixed Platforms.Build.0 = Release|Any CPU
		{EAD364F3-9162-46EE-83AA-5E938FE126FA}.Release|x86.ActiveCfg = Release|Any CPU
		{5CBAFACF-8BD9-46FB-A0BC-276EDE593186}.AutomatedDebug-3.5|Any CPU.ActiveCfg = Debug|Any CPU
		{5CBAFACF-8BD9-46FB-A0BC-276EDE593186}.AutomatedDebug-3.5|Any CPU.Build.0 = Debug|Any CPU
		{5CBAFACF-8BD9-46FB-A0BC-276EDE593186}.AutomatedDebug-3.5|Mixed Platforms.ActiveCfg = Debug|Any CPU
		{5CBAFACF-8BD9-46FB-A0BC-276EDE593186}.AutomatedDebug-3.5|x86.ActiveCfg = Debug|Any CPU
		{5CBAFACF-8BD9-46FB-A0BC-276EDE593186}.AutomatedDebug-4.0|Any CPU.ActiveCfg = Debug|Any CPU
		{5CBAFACF-8BD9-46FB-A0BC-276EDE593186}.AutomatedDebug-4.0|Any CPU.Build.0 = Debug|Any CPU
		{5CBAFACF-8BD9-46FB-A0BC-276EDE593186}.AutomatedDebug-4.0|Mixed Platforms.ActiveCfg = Debug|Any CPU
		{5CBAFACF-8BD9-46FB-A0BC-276EDE593186}.AutomatedDebug-4.0|x86.ActiveCfg = Debug|Any CPU
		{5CBAFACF-8BD9-46FB-A0BC-276EDE593186}.Debug|Any CPU.ActiveCfg = Debug|Any CPU
		{5CBAFACF-8BD9-46FB-A0BC-276EDE593186}.Debug|Mixed Platforms.ActiveCfg = Debug|Any CPU
		{5CBAFACF-8BD9-46FB-A0BC-276EDE593186}.Debug|x86.ActiveCfg = Debug|Any CPU
		{5CBAFACF-8BD9-46FB-A0BC-276EDE593186}.Release|Any CPU.ActiveCfg = Release|Any CPU
		{5CBAFACF-8BD9-46FB-A0BC-276EDE593186}.Release|Any CPU.Build.0 = Release|Any CPU
		{5CBAFACF-8BD9-46FB-A0BC-276EDE593186}.Release|Mixed Platforms.ActiveCfg = Release|Any CPU
		{5CBAFACF-8BD9-46FB-A0BC-276EDE593186}.Release|x86.ActiveCfg = Release|Any CPU
		{9C2E9E17-2A2C-4F6C-8072-D160A7EA9A51}.AutomatedDebug-3.5|Any CPU.ActiveCfg = AutomatedDebug-3.5|Any CPU
		{9C2E9E17-2A2C-4F6C-8072-D160A7EA9A51}.AutomatedDebug-3.5|Any CPU.Build.0 = AutomatedDebug-3.5|Any CPU
		{9C2E9E17-2A2C-4F6C-8072-D160A7EA9A51}.AutomatedDebug-3.5|Mixed Platforms.ActiveCfg = AutomatedDebug-3.5|Any CPU
		{9C2E9E17-2A2C-4F6C-8072-D160A7EA9A51}.AutomatedDebug-3.5|Mixed Platforms.Build.0 = AutomatedDebug-3.5|Any CPU
		{9C2E9E17-2A2C-4F6C-8072-D160A7EA9A51}.AutomatedDebug-3.5|x86.ActiveCfg = AutomatedDebug-3.5|Any CPU
		{9C2E9E17-2A2C-4F6C-8072-D160A7EA9A51}.AutomatedDebug-4.0|Any CPU.ActiveCfg = AutomatedDebug-4.0|Any CPU
		{9C2E9E17-2A2C-4F6C-8072-D160A7EA9A51}.AutomatedDebug-4.0|Any CPU.Build.0 = AutomatedDebug-4.0|Any CPU
		{9C2E9E17-2A2C-4F6C-8072-D160A7EA9A51}.AutomatedDebug-4.0|Mixed Platforms.ActiveCfg = AutomatedDebug-4.0|Any CPU
		{9C2E9E17-2A2C-4F6C-8072-D160A7EA9A51}.AutomatedDebug-4.0|Mixed Platforms.Build.0 = AutomatedDebug-4.0|Any CPU
		{9C2E9E17-2A2C-4F6C-8072-D160A7EA9A51}.AutomatedDebug-4.0|x86.ActiveCfg = AutomatedDebug-4.0|Any CPU
		{9C2E9E17-2A2C-4F6C-8072-D160A7EA9A51}.Debug|Any CPU.ActiveCfg = Debug|Any CPU
		{9C2E9E17-2A2C-4F6C-8072-D160A7EA9A51}.Debug|Any CPU.Build.0 = Debug|Any CPU
		{9C2E9E17-2A2C-4F6C-8072-D160A7EA9A51}.Debug|Mixed Platforms.ActiveCfg = Debug|Any CPU
		{9C2E9E17-2A2C-4F6C-8072-D160A7EA9A51}.Debug|Mixed Platforms.Build.0 = Debug|Any CPU
		{9C2E9E17-2A2C-4F6C-8072-D160A7EA9A51}.Debug|x86.ActiveCfg = Debug|Any CPU
		{9C2E9E17-2A2C-4F6C-8072-D160A7EA9A51}.Release|Any CPU.ActiveCfg = Release|Any CPU
		{9C2E9E17-2A2C-4F6C-8072-D160A7EA9A51}.Release|Any CPU.Build.0 = Release|Any CPU
		{9C2E9E17-2A2C-4F6C-8072-D160A7EA9A51}.Release|Mixed Platforms.ActiveCfg = Release|Any CPU
		{9C2E9E17-2A2C-4F6C-8072-D160A7EA9A51}.Release|Mixed Platforms.Build.0 = Release|Any CPU
		{9C2E9E17-2A2C-4F6C-8072-D160A7EA9A51}.Release|x86.ActiveCfg = Release|Any CPU
		{9F7DCAC2-5148-40AF-B588-A784C646E12E}.AutomatedDebug-3.5|Any CPU.ActiveCfg = AutomatedDebug-3.5|Any CPU
		{9F7DCAC2-5148-40AF-B588-A784C646E12E}.AutomatedDebug-3.5|Any CPU.Build.0 = AutomatedDebug-3.5|Any CPU
		{9F7DCAC2-5148-40AF-B588-A784C646E12E}.AutomatedDebug-3.5|Mixed Platforms.ActiveCfg = AutomatedDebug-3.5|Any CPU
		{9F7DCAC2-5148-40AF-B588-A784C646E12E}.AutomatedDebug-3.5|Mixed Platforms.Build.0 = AutomatedDebug-3.5|Any CPU
		{9F7DCAC2-5148-40AF-B588-A784C646E12E}.AutomatedDebug-3.5|x86.ActiveCfg = AutomatedDebug-3.5|Any CPU
		{9F7DCAC2-5148-40AF-B588-A784C646E12E}.AutomatedDebug-4.0|Any CPU.ActiveCfg = AutomatedDebug-4.0|Any CPU
		{9F7DCAC2-5148-40AF-B588-A784C646E12E}.AutomatedDebug-4.0|Any CPU.Build.0 = AutomatedDebug-4.0|Any CPU
		{9F7DCAC2-5148-40AF-B588-A784C646E12E}.AutomatedDebug-4.0|Mixed Platforms.ActiveCfg = AutomatedDebug-4.0|Any CPU
		{9F7DCAC2-5148-40AF-B588-A784C646E12E}.AutomatedDebug-4.0|Mixed Platforms.Build.0 = AutomatedDebug-4.0|Any CPU
		{9F7DCAC2-5148-40AF-B588-A784C646E12E}.AutomatedDebug-4.0|x86.ActiveCfg = AutomatedDebug-4.0|Any CPU
		{9F7DCAC2-5148-40AF-B588-A784C646E12E}.Debug|Any CPU.ActiveCfg = Debug|Any CPU
		{9F7DCAC2-5148-40AF-B588-A784C646E12E}.Debug|Any CPU.Build.0 = Debug|Any CPU
		{9F7DCAC2-5148-40AF-B588-A784C646E12E}.Debug|Mixed Platforms.ActiveCfg = Debug|Any CPU
		{9F7DCAC2-5148-40AF-B588-A784C646E12E}.Debug|Mixed Platforms.Build.0 = Debug|Any CPU
		{9F7DCAC2-5148-40AF-B588-A784C646E12E}.Debug|x86.ActiveCfg = Debug|Any CPU
		{9F7DCAC2-5148-40AF-B588-A784C646E12E}.Release|Any CPU.ActiveCfg = Release|Any CPU
		{9F7DCAC2-5148-40AF-B588-A784C646E12E}.Release|Any CPU.Build.0 = Release|Any CPU
		{9F7DCAC2-5148-40AF-B588-A784C646E12E}.Release|Mixed Platforms.ActiveCfg = Release|Any CPU
		{9F7DCAC2-5148-40AF-B588-A784C646E12E}.Release|Mixed Platforms.Build.0 = Release|Any CPU
		{9F7DCAC2-5148-40AF-B588-A784C646E12E}.Release|x86.ActiveCfg = Release|Any CPU
		{AA9C7D40-A49C-4522-938B-BD1A99EE3E78}.AutomatedDebug-3.5|Any CPU.ActiveCfg = AutomatedDebug-3.5|Any CPU
		{AA9C7D40-A49C-4522-938B-BD1A99EE3E78}.AutomatedDebug-3.5|Any CPU.Build.0 = AutomatedDebug-3.5|Any CPU
		{AA9C7D40-A49C-4522-938B-BD1A99EE3E78}.AutomatedDebug-3.5|Mixed Platforms.ActiveCfg = AutomatedDebug-3.5|Any CPU
		{AA9C7D40-A49C-4522-938B-BD1A99EE3E78}.AutomatedDebug-3.5|Mixed Platforms.Build.0 = AutomatedDebug-3.5|Any CPU
		{AA9C7D40-A49C-4522-938B-BD1A99EE3E78}.AutomatedDebug-3.5|x86.ActiveCfg = AutomatedDebug-3.5|Any CPU
		{AA9C7D40-A49C-4522-938B-BD1A99EE3E78}.AutomatedDebug-4.0|Any CPU.ActiveCfg = AutomatedDebug-4.0|Any CPU
		{AA9C7D40-A49C-4522-938B-BD1A99EE3E78}.AutomatedDebug-4.0|Any CPU.Build.0 = AutomatedDebug-4.0|Any CPU
		{AA9C7D40-A49C-4522-938B-BD1A99EE3E78}.AutomatedDebug-4.0|Mixed Platforms.ActiveCfg = AutomatedDebug-4.0|Any CPU
		{AA9C7D40-A49C-4522-938B-BD1A99EE3E78}.AutomatedDebug-4.0|Mixed Platforms.Build.0 = AutomatedDebug-4.0|Any CPU
		{AA9C7D40-A49C-4522-938B-BD1A99EE3E78}.AutomatedDebug-4.0|x86.ActiveCfg = AutomatedDebug-4.0|Any CPU
		{AA9C7D40-A49C-4522-938B-BD1A99EE3E78}.Debug|Any CPU.ActiveCfg = Debug|Any CPU
		{AA9C7D40-A49C-4522-938B-BD1A99EE3E78}.Debug|Any CPU.Build.0 = Debug|Any CPU
		{AA9C7D40-A49C-4522-938B-BD1A99EE3E78}.Debug|Mixed Platforms.ActiveCfg = Debug|Any CPU
		{AA9C7D40-A49C-4522-938B-BD1A99EE3E78}.Debug|Mixed Platforms.Build.0 = Debug|Any CPU
		{AA9C7D40-A49C-4522-938B-BD1A99EE3E78}.Debug|x86.ActiveCfg = Debug|Any CPU
		{AA9C7D40-A49C-4522-938B-BD1A99EE3E78}.Release|Any CPU.ActiveCfg = Release|Any CPU
		{AA9C7D40-A49C-4522-938B-BD1A99EE3E78}.Release|Any CPU.Build.0 = Release|Any CPU
		{AA9C7D40-A49C-4522-938B-BD1A99EE3E78}.Release|Mixed Platforms.ActiveCfg = Release|Any CPU
		{AA9C7D40-A49C-4522-938B-BD1A99EE3E78}.Release|Mixed Platforms.Build.0 = Release|Any CPU
		{AA9C7D40-A49C-4522-938B-BD1A99EE3E78}.Release|x86.ActiveCfg = Release|Any CPU
		{669A1BF0-7EFB-4E95-999B-532F62C95B03}.AutomatedDebug-3.5|Any CPU.ActiveCfg = Debug|Any CPU
		{669A1BF0-7EFB-4E95-999B-532F62C95B03}.AutomatedDebug-3.5|Any CPU.Build.0 = Debug|Any CPU
		{669A1BF0-7EFB-4E95-999B-532F62C95B03}.AutomatedDebug-3.5|Mixed Platforms.ActiveCfg = AutomatedDebug-3.5|Any CPU
		{669A1BF0-7EFB-4E95-999B-532F62C95B03}.AutomatedDebug-3.5|Mixed Platforms.Build.0 = AutomatedDebug-3.5|Any CPU
		{669A1BF0-7EFB-4E95-999B-532F62C95B03}.AutomatedDebug-3.5|x86.ActiveCfg = Debug|Any CPU
		{669A1BF0-7EFB-4E95-999B-532F62C95B03}.AutomatedDebug-4.0|Any CPU.ActiveCfg = Debug|Any CPU
		{669A1BF0-7EFB-4E95-999B-532F62C95B03}.AutomatedDebug-4.0|Any CPU.Build.0 = Debug|Any CPU
		{669A1BF0-7EFB-4E95-999B-532F62C95B03}.AutomatedDebug-4.0|Mixed Platforms.ActiveCfg = AutomatedDebug-4.0|Any CPU
		{669A1BF0-7EFB-4E95-999B-532F62C95B03}.AutomatedDebug-4.0|Mixed Platforms.Build.0 = AutomatedDebug-4.0|Any CPU
		{669A1BF0-7EFB-4E95-999B-532F62C95B03}.AutomatedDebug-4.0|x86.ActiveCfg = Debug|Any CPU
		{669A1BF0-7EFB-4E95-999B-532F62C95B03}.Debug|Any CPU.ActiveCfg = Debug|Any CPU
		{669A1BF0-7EFB-4E95-999B-532F62C95B03}.Debug|Any CPU.Build.0 = Debug|Any CPU
		{669A1BF0-7EFB-4E95-999B-532F62C95B03}.Debug|Mixed Platforms.ActiveCfg = Debug|Any CPU
		{669A1BF0-7EFB-4E95-999B-532F62C95B03}.Debug|Mixed Platforms.Build.0 = Debug|Any CPU
		{669A1BF0-7EFB-4E95-999B-532F62C95B03}.Debug|x86.ActiveCfg = Debug|Any CPU
		{669A1BF0-7EFB-4E95-999B-532F62C95B03}.Release|Any CPU.ActiveCfg = Release|Any CPU
		{669A1BF0-7EFB-4E95-999B-532F62C95B03}.Release|Any CPU.Build.0 = Release|Any CPU
		{669A1BF0-7EFB-4E95-999B-532F62C95B03}.Release|Mixed Platforms.ActiveCfg = Release|Any CPU
		{669A1BF0-7EFB-4E95-999B-532F62C95B03}.Release|Mixed Platforms.Build.0 = Release|Any CPU
		{669A1BF0-7EFB-4E95-999B-532F62C95B03}.Release|x86.ActiveCfg = Release|Any CPU
		{9AFBC5C5-DC22-4E9B-8811-4A38BDCFD037}.AutomatedDebug-3.5|Any CPU.ActiveCfg = Debug|Any CPU
		{9AFBC5C5-DC22-4E9B-8811-4A38BDCFD037}.AutomatedDebug-3.5|Any CPU.Build.0 = Debug|Any CPU
		{9AFBC5C5-DC22-4E9B-8811-4A38BDCFD037}.AutomatedDebug-3.5|Mixed Platforms.ActiveCfg = AutomatedDebug-3.5|Any CPU
		{9AFBC5C5-DC22-4E9B-8811-4A38BDCFD037}.AutomatedDebug-3.5|Mixed Platforms.Build.0 = AutomatedDebug-3.5|Any CPU
		{9AFBC5C5-DC22-4E9B-8811-4A38BDCFD037}.AutomatedDebug-3.5|x86.ActiveCfg = Debug|Any CPU
		{9AFBC5C5-DC22-4E9B-8811-4A38BDCFD037}.AutomatedDebug-4.0|Any CPU.ActiveCfg = Debug|Any CPU
		{9AFBC5C5-DC22-4E9B-8811-4A38BDCFD037}.AutomatedDebug-4.0|Any CPU.Build.0 = Debug|Any CPU
		{9AFBC5C5-DC22-4E9B-8811-4A38BDCFD037}.AutomatedDebug-4.0|Mixed Platforms.ActiveCfg = AutomatedDebug-4.0|Any CPU
		{9AFBC5C5-DC22-4E9B-8811-4A38BDCFD037}.AutomatedDebug-4.0|Mixed Platforms.Build.0 = AutomatedDebug-4.0|Any CPU
		{9AFBC5C5-DC22-4E9B-8811-4A38BDCFD037}.AutomatedDebug-4.0|x86.ActiveCfg = Debug|Any CPU
		{9AFBC5C5-DC22-4E9B-8811-4A38BDCFD037}.Debug|Any CPU.ActiveCfg = Debug|Any CPU
		{9AFBC5C5-DC22-4E9B-8811-4A38BDCFD037}.Debug|Any CPU.Build.0 = Debug|Any CPU
		{9AFBC5C5-DC22-4E9B-8811-4A38BDCFD037}.Debug|Mixed Platforms.ActiveCfg = Debug|Any CPU
		{9AFBC5C5-DC22-4E9B-8811-4A38BDCFD037}.Debug|Mixed Platforms.Build.0 = Debug|Any CPU
		{9AFBC5C5-DC22-4E9B-8811-4A38BDCFD037}.Debug|x86.ActiveCfg = Debug|Any CPU
		{9AFBC5C5-DC22-4E9B-8811-4A38BDCFD037}.Release|Any CPU.ActiveCfg = Release|Any CPU
		{9AFBC5C5-DC22-4E9B-8811-4A38BDCFD037}.Release|Any CPU.Build.0 = Release|Any CPU
		{9AFBC5C5-DC22-4E9B-8811-4A38BDCFD037}.Release|Mixed Platforms.ActiveCfg = Release|Any CPU
		{9AFBC5C5-DC22-4E9B-8811-4A38BDCFD037}.Release|Mixed Platforms.Build.0 = Release|Any CPU
		{9AFBC5C5-DC22-4E9B-8811-4A38BDCFD037}.Release|x86.ActiveCfg = Release|Any CPU
		{C192A6DE-D254-4A69-8232-D4FF298E514E}.AutomatedDebug-3.5|Any CPU.ActiveCfg = Debug|Any CPU
		{C192A6DE-D254-4A69-8232-D4FF298E514E}.AutomatedDebug-3.5|Any CPU.Build.0 = Debug|Any CPU
		{C192A6DE-D254-4A69-8232-D4FF298E514E}.AutomatedDebug-3.5|Mixed Platforms.ActiveCfg = AutomatedDebug-3.5|Any CPU
		{C192A6DE-D254-4A69-8232-D4FF298E514E}.AutomatedDebug-3.5|Mixed Platforms.Build.0 = AutomatedDebug-3.5|Any CPU
		{C192A6DE-D254-4A69-8232-D4FF298E514E}.AutomatedDebug-3.5|x86.ActiveCfg = Debug|Any CPU
		{C192A6DE-D254-4A69-8232-D4FF298E514E}.AutomatedDebug-4.0|Any CPU.ActiveCfg = Debug|Any CPU
		{C192A6DE-D254-4A69-8232-D4FF298E514E}.AutomatedDebug-4.0|Any CPU.Build.0 = Debug|Any CPU
		{C192A6DE-D254-4A69-8232-D4FF298E514E}.AutomatedDebug-4.0|Mixed Platforms.ActiveCfg = AutomatedDebug-4.0|Any CPU
		{C192A6DE-D254-4A69-8232-D4FF298E514E}.AutomatedDebug-4.0|Mixed Platforms.Build.0 = AutomatedDebug-4.0|Any CPU
		{C192A6DE-D254-4A69-8232-D4FF298E514E}.AutomatedDebug-4.0|x86.ActiveCfg = Debug|Any CPU
		{C192A6DE-D254-4A69-8232-D4FF298E514E}.Debug|Any CPU.ActiveCfg = Debug|Any CPU
		{C192A6DE-D254-4A69-8232-D4FF298E514E}.Debug|Any CPU.Build.0 = Debug|Any CPU
		{C192A6DE-D254-4A69-8232-D4FF298E514E}.Debug|Mixed Platforms.ActiveCfg = Debug|Any CPU
		{C192A6DE-D254-4A69-8232-D4FF298E514E}.Debug|Mixed Platforms.Build.0 = Debug|Any CPU
		{C192A6DE-D254-4A69-8232-D4FF298E514E}.Debug|x86.ActiveCfg = Debug|Any CPU
		{C192A6DE-D254-4A69-8232-D4FF298E514E}.Release|Any CPU.ActiveCfg = Release|Any CPU
		{C192A6DE-D254-4A69-8232-D4FF298E514E}.Release|Any CPU.Build.0 = Release|Any CPU
		{C192A6DE-D254-4A69-8232-D4FF298E514E}.Release|Mixed Platforms.ActiveCfg = Release|Any CPU
		{C192A6DE-D254-4A69-8232-D4FF298E514E}.Release|Mixed Platforms.Build.0 = Release|Any CPU
		{C192A6DE-D254-4A69-8232-D4FF298E514E}.Release|x86.ActiveCfg = Release|Any CPU
		{534FD760-E694-481E-B215-419018D1210F}.AutomatedDebug-3.5|Any CPU.ActiveCfg = AutomatedDebug-3.5|Any CPU
		{534FD760-E694-481E-B215-419018D1210F}.AutomatedDebug-3.5|Any CPU.Build.0 = AutomatedDebug-3.5|Any CPU
		{534FD760-E694-481E-B215-419018D1210F}.AutomatedDebug-3.5|Mixed Platforms.ActiveCfg = AutomatedDebug-3.5|Any CPU
		{534FD760-E694-481E-B215-419018D1210F}.AutomatedDebug-3.5|x86.ActiveCfg = AutomatedDebug-3.5|Any CPU
		{534FD760-E694-481E-B215-419018D1210F}.AutomatedDebug-4.0|Any CPU.ActiveCfg = AutomatedDebug-4.0|Any CPU
		{534FD760-E694-481E-B215-419018D1210F}.AutomatedDebug-4.0|Any CPU.Build.0 = AutomatedDebug-4.0|Any CPU
		{534FD760-E694-481E-B215-419018D1210F}.AutomatedDebug-4.0|Mixed Platforms.ActiveCfg = AutomatedDebug-4.0|Any CPU
		{534FD760-E694-481E-B215-419018D1210F}.AutomatedDebug-4.0|Mixed Platforms.Build.0 = AutomatedDebug-4.0|Any CPU
		{534FD760-E694-481E-B215-419018D1210F}.AutomatedDebug-4.0|x86.ActiveCfg = AutomatedDebug-4.0|Any CPU
		{534FD760-E694-481E-B215-419018D1210F}.Debug|Any CPU.ActiveCfg = Debug|Any CPU
		{534FD760-E694-481E-B215-419018D1210F}.Debug|Any CPU.Build.0 = Debug|Any CPU
		{534FD760-E694-481E-B215-419018D1210F}.Debug|Mixed Platforms.ActiveCfg = Debug|Any CPU
		{534FD760-E694-481E-B215-419018D1210F}.Debug|Mixed Platforms.Build.0 = Debug|Any CPU
		{534FD760-E694-481E-B215-419018D1210F}.Debug|x86.ActiveCfg = Debug|Any CPU
		{534FD760-E694-481E-B215-419018D1210F}.Release|Any CPU.ActiveCfg = Release|Any CPU
		{534FD760-E694-481E-B215-419018D1210F}.Release|Any CPU.Build.0 = Release|Any CPU
		{534FD760-E694-481E-B215-419018D1210F}.Release|Mixed Platforms.ActiveCfg = Release|Any CPU
		{534FD760-E694-481E-B215-419018D1210F}.Release|Mixed Platforms.Build.0 = Release|Any CPU
		{534FD760-E694-481E-B215-419018D1210F}.Release|x86.ActiveCfg = Release|Any CPU
		{C89D5A65-98CA-4B18-A9F0-156524E3A7A5}.AutomatedDebug-3.5|Any CPU.ActiveCfg = Debug|Any CPU
		{C89D5A65-98CA-4B18-A9F0-156524E3A7A5}.AutomatedDebug-3.5|Any CPU.Build.0 = Debug|Any CPU
		{C89D5A65-98CA-4B18-A9F0-156524E3A7A5}.AutomatedDebug-3.5|Mixed Platforms.ActiveCfg = AutomatedDebug-3.5|Any CPU
		{C89D5A65-98CA-4B18-A9F0-156524E3A7A5}.AutomatedDebug-3.5|Mixed Platforms.Build.0 = AutomatedDebug-3.5|Any CPU
		{C89D5A65-98CA-4B18-A9F0-156524E3A7A5}.AutomatedDebug-3.5|x86.ActiveCfg = Debug|Any CPU
		{C89D5A65-98CA-4B18-A9F0-156524E3A7A5}.AutomatedDebug-4.0|Any CPU.ActiveCfg = Debug|Any CPU
		{C89D5A65-98CA-4B18-A9F0-156524E3A7A5}.AutomatedDebug-4.0|Any CPU.Build.0 = Debug|Any CPU
		{C89D5A65-98CA-4B18-A9F0-156524E3A7A5}.AutomatedDebug-4.0|Mixed Platforms.ActiveCfg = AutomatedDebug-4.0|Any CPU
		{C89D5A65-98CA-4B18-A9F0-156524E3A7A5}.AutomatedDebug-4.0|Mixed Platforms.Build.0 = AutomatedDebug-4.0|Any CPU
		{C89D5A65-98CA-4B18-A9F0-156524E3A7A5}.AutomatedDebug-4.0|x86.ActiveCfg = Debug|Any CPU
		{C89D5A65-98CA-4B18-A9F0-156524E3A7A5}.Debug|Any CPU.ActiveCfg = Debug|Any CPU
		{C89D5A65-98CA-4B18-A9F0-156524E3A7A5}.Debug|Any CPU.Build.0 = Debug|Any CPU
		{C89D5A65-98CA-4B18-A9F0-156524E3A7A5}.Debug|Mixed Platforms.ActiveCfg = Debug|Any CPU
		{C89D5A65-98CA-4B18-A9F0-156524E3A7A5}.Debug|Mixed Platforms.Build.0 = Debug|Any CPU
		{C89D5A65-98CA-4B18-A9F0-156524E3A7A5}.Debug|x86.ActiveCfg = Debug|Any CPU
		{C89D5A65-98CA-4B18-A9F0-156524E3A7A5}.Release|Any CPU.ActiveCfg = Release|Any CPU
		{C89D5A65-98CA-4B18-A9F0-156524E3A7A5}.Release|Any CPU.Build.0 = Release|Any CPU
		{C89D5A65-98CA-4B18-A9F0-156524E3A7A5}.Release|Mixed Platforms.ActiveCfg = Release|Any CPU
		{C89D5A65-98CA-4B18-A9F0-156524E3A7A5}.Release|Mixed Platforms.Build.0 = Release|Any CPU
		{C89D5A65-98CA-4B18-A9F0-156524E3A7A5}.Release|x86.ActiveCfg = Release|Any CPU
		{592B104D-C1E8-498D-BD48-ACBD0E3EA7B2}.AutomatedDebug-3.5|Any CPU.ActiveCfg = Debug|Any CPU
		{592B104D-C1E8-498D-BD48-ACBD0E3EA7B2}.AutomatedDebug-3.5|Any CPU.Build.0 = Debug|Any CPU
		{592B104D-C1E8-498D-BD48-ACBD0E3EA7B2}.AutomatedDebug-3.5|Mixed Platforms.ActiveCfg = AutomatedDebug-3.5|Any CPU
		{592B104D-C1E8-498D-BD48-ACBD0E3EA7B2}.AutomatedDebug-3.5|Mixed Platforms.Build.0 = AutomatedDebug-3.5|Any CPU
		{592B104D-C1E8-498D-BD48-ACBD0E3EA7B2}.AutomatedDebug-3.5|x86.ActiveCfg = Debug|Any CPU
		{592B104D-C1E8-498D-BD48-ACBD0E3EA7B2}.AutomatedDebug-4.0|Any CPU.ActiveCfg = Debug|Any CPU
		{592B104D-C1E8-498D-BD48-ACBD0E3EA7B2}.AutomatedDebug-4.0|Any CPU.Build.0 = Debug|Any CPU
		{592B104D-C1E8-498D-BD48-ACBD0E3EA7B2}.AutomatedDebug-4.0|Mixed Platforms.ActiveCfg = AutomatedDebug-4.0|Any CPU
		{592B104D-C1E8-498D-BD48-ACBD0E3EA7B2}.AutomatedDebug-4.0|Mixed Platforms.Build.0 = AutomatedDebug-4.0|Any CPU
		{592B104D-C1E8-498D-BD48-ACBD0E3EA7B2}.AutomatedDebug-4.0|x86.ActiveCfg = Debug|Any CPU
		{592B104D-C1E8-498D-BD48-ACBD0E3EA7B2}.Debug|Any CPU.ActiveCfg = Debug|Any CPU
		{592B104D-C1E8-498D-BD48-ACBD0E3EA7B2}.Debug|Any CPU.Build.0 = Debug|Any CPU
		{592B104D-C1E8-498D-BD48-ACBD0E3EA7B2}.Debug|Mixed Platforms.ActiveCfg = Debug|Any CPU
		{592B104D-C1E8-498D-BD48-ACBD0E3EA7B2}.Debug|Mixed Platforms.Build.0 = Debug|Any CPU
		{592B104D-C1E8-498D-BD48-ACBD0E3EA7B2}.Debug|x86.ActiveCfg = Debug|Any CPU
		{592B104D-C1E8-498D-BD48-ACBD0E3EA7B2}.Release|Any CPU.ActiveCfg = Release|Any CPU
		{592B104D-C1E8-498D-BD48-ACBD0E3EA7B2}.Release|Any CPU.Build.0 = Release|Any CPU
		{592B104D-C1E8-498D-BD48-ACBD0E3EA7B2}.Release|Mixed Platforms.ActiveCfg = Release|Any CPU
		{592B104D-C1E8-498D-BD48-ACBD0E3EA7B2}.Release|Mixed Platforms.Build.0 = Release|Any CPU
		{592B104D-C1E8-498D-BD48-ACBD0E3EA7B2}.Release|x86.ActiveCfg = Release|Any CPU
		{EECEE153-CC2B-4DEC-9768-F7E99918E80A}.AutomatedDebug-3.5|Any CPU.ActiveCfg = AutomatedDebug-3.5|Any CPU
		{EECEE153-CC2B-4DEC-9768-F7E99918E80A}.AutomatedDebug-3.5|Any CPU.Build.0 = AutomatedDebug-3.5|Any CPU
		{EECEE153-CC2B-4DEC-9768-F7E99918E80A}.AutomatedDebug-3.5|Mixed Platforms.ActiveCfg = AutomatedDebug-3.5|Any CPU
		{EECEE153-CC2B-4DEC-9768-F7E99918E80A}.AutomatedDebug-3.5|Mixed Platforms.Build.0 = AutomatedDebug-3.5|Any CPU
		{EECEE153-CC2B-4DEC-9768-F7E99918E80A}.AutomatedDebug-3.5|x86.ActiveCfg = AutomatedDebug-3.5|Any CPU
		{EECEE153-CC2B-4DEC-9768-F7E99918E80A}.AutomatedDebug-4.0|Any CPU.ActiveCfg = AutomatedDebug-4.0|Any CPU
		{EECEE153-CC2B-4DEC-9768-F7E99918E80A}.AutomatedDebug-4.0|Any CPU.Build.0 = AutomatedDebug-4.0|Any CPU
		{EECEE153-CC2B-4DEC-9768-F7E99918E80A}.AutomatedDebug-4.0|Mixed Platforms.ActiveCfg = AutomatedDebug-4.0|Any CPU
		{EECEE153-CC2B-4DEC-9768-F7E99918E80A}.AutomatedDebug-4.0|Mixed Platforms.Build.0 = AutomatedDebug-4.0|Any CPU
		{EECEE153-CC2B-4DEC-9768-F7E99918E80A}.AutomatedDebug-4.0|x86.ActiveCfg = AutomatedDebug-4.0|Any CPU
		{EECEE153-CC2B-4DEC-9768-F7E99918E80A}.Debug|Any CPU.ActiveCfg = Debug|Any CPU
		{EECEE153-CC2B-4DEC-9768-F7E99918E80A}.Debug|Any CPU.Build.0 = Debug|Any CPU
		{EECEE153-CC2B-4DEC-9768-F7E99918E80A}.Debug|Mixed Platforms.ActiveCfg = Debug|Any CPU
		{EECEE153-CC2B-4DEC-9768-F7E99918E80A}.Debug|Mixed Platforms.Build.0 = Debug|Any CPU
		{EECEE153-CC2B-4DEC-9768-F7E99918E80A}.Debug|x86.ActiveCfg = Debug|Any CPU
		{EECEE153-CC2B-4DEC-9768-F7E99918E80A}.Release|Any CPU.ActiveCfg = Release|Any CPU
		{EECEE153-CC2B-4DEC-9768-F7E99918E80A}.Release|Any CPU.Build.0 = Release|Any CPU
		{EECEE153-CC2B-4DEC-9768-F7E99918E80A}.Release|Mixed Platforms.ActiveCfg = Release|Any CPU
		{EECEE153-CC2B-4DEC-9768-F7E99918E80A}.Release|Mixed Platforms.Build.0 = Release|Any CPU
		{EECEE153-CC2B-4DEC-9768-F7E99918E80A}.Release|x86.ActiveCfg = Release|Any CPU
		{DB921D3F-FCE5-4739-A5B2-C11BE522B2C7}.AutomatedDebug-3.5|Any CPU.ActiveCfg = AutomatedDebug-3.5|Any CPU
		{DB921D3F-FCE5-4739-A5B2-C11BE522B2C7}.AutomatedDebug-3.5|Any CPU.Build.0 = AutomatedDebug-3.5|Any CPU
		{DB921D3F-FCE5-4739-A5B2-C11BE522B2C7}.AutomatedDebug-3.5|Mixed Platforms.ActiveCfg = AutomatedDebug-3.5|Any CPU
		{DB921D3F-FCE5-4739-A5B2-C11BE522B2C7}.AutomatedDebug-3.5|Mixed Platforms.Build.0 = AutomatedDebug-3.5|Any CPU
		{DB921D3F-FCE5-4739-A5B2-C11BE522B2C7}.AutomatedDebug-3.5|x86.ActiveCfg = AutomatedDebug-3.5|Any CPU
		{DB921D3F-FCE5-4739-A5B2-C11BE522B2C7}.AutomatedDebug-4.0|Any CPU.ActiveCfg = AutomatedDebug-4.0|Any CPU
		{DB921D3F-FCE5-4739-A5B2-C11BE522B2C7}.AutomatedDebug-4.0|Any CPU.Build.0 = AutomatedDebug-4.0|Any CPU
		{DB921D3F-FCE5-4739-A5B2-C11BE522B2C7}.AutomatedDebug-4.0|Mixed Platforms.ActiveCfg = AutomatedDebug-4.0|Any CPU
		{DB921D3F-FCE5-4739-A5B2-C11BE522B2C7}.AutomatedDebug-4.0|Mixed Platforms.Build.0 = AutomatedDebug-4.0|Any CPU
		{DB921D3F-FCE5-4739-A5B2-C11BE522B2C7}.AutomatedDebug-4.0|x86.ActiveCfg = AutomatedDebug-4.0|Any CPU
		{DB921D3F-FCE5-4739-A5B2-C11BE522B2C7}.Debug|Any CPU.ActiveCfg = Debug|Any CPU
		{DB921D3F-FCE5-4739-A5B2-C11BE522B2C7}.Debug|Any CPU.Build.0 = Debug|Any CPU
		{DB921D3F-FCE5-4739-A5B2-C11BE522B2C7}.Debug|Mixed Platforms.ActiveCfg = Debug|Any CPU
		{DB921D3F-FCE5-4739-A5B2-C11BE522B2C7}.Debug|Mixed Platforms.Build.0 = Debug|Any CPU
		{DB921D3F-FCE5-4739-A5B2-C11BE522B2C7}.Debug|x86.ActiveCfg = Debug|Any CPU
		{DB921D3F-FCE5-4739-A5B2-C11BE522B2C7}.Release|Any CPU.ActiveCfg = Release|Any CPU
		{DB921D3F-FCE5-4739-A5B2-C11BE522B2C7}.Release|Any CPU.Build.0 = Release|Any CPU
		{DB921D3F-FCE5-4739-A5B2-C11BE522B2C7}.Release|Mixed Platforms.ActiveCfg = Release|Any CPU
		{DB921D3F-FCE5-4739-A5B2-C11BE522B2C7}.Release|Mixed Platforms.Build.0 = Release|Any CPU
		{DB921D3F-FCE5-4739-A5B2-C11BE522B2C7}.Release|x86.ActiveCfg = Release|Any CPU
	EndGlobalSection
	GlobalSection(SolutionProperties) = preSolution
		HideSolutionNode = FALSE
	EndGlobalSection
	GlobalSection(NestedProjects) = preSolution
		{7BDFA147-A451-4FB0-8536-94EC1C52926E} = {2EF1C1FB-3D4F-4ADD-8431-D29386A9DE21}
		{EFB6BFCC-A7B8-4B98-B0A5-EDEA0E006390} = {2EF1C1FB-3D4F-4ADD-8431-D29386A9DE21}
		{AB99C5F4-1C74-4263-B79A-C8569D9561FD} = {2EF1C1FB-3D4F-4ADD-8431-D29386A9DE21}
		{32745321-6BAF-46A1-B3C4-E82CBA663F55} = {2EF1C1FB-3D4F-4ADD-8431-D29386A9DE21}
		{A9673996-D4FD-46C2-A749-42115A5FA835} = {2EF1C1FB-3D4F-4ADD-8431-D29386A9DE21}
		{FB62C290-3C9C-4CE7-A798-E2BE3A1F12EA} = {2EF1C1FB-3D4F-4ADD-8431-D29386A9DE21}
		{B7F6CEC7-B298-467F-ABE2-9ABCF4394FAD} = {2EF1C1FB-3D4F-4ADD-8431-D29386A9DE21}
		{EAD364F3-9162-46EE-83AA-5E938FE126FA} = {2EF1C1FB-3D4F-4ADD-8431-D29386A9DE21}
		{B734DE3F-E1EC-42B4-8AB1-A55A934584CF} = {269CB317-6533-4826-8029-438300872EB9}
		{9C2E9E17-2A2C-4F6C-8072-D160A7EA9A51} = {269CB317-6533-4826-8029-438300872EB9}
		{9F7DCAC2-5148-40AF-B588-A784C646E12E} = {269CB317-6533-4826-8029-438300872EB9}
		{9AFBC5C5-DC22-4E9B-8811-4A38BDCFD037} = {269CB317-6533-4826-8029-438300872EB9}
		{7F733093-3E25-40FD-B2D5-5431352F3D16} = {324DF465-63AB-40F3-905A-259C56D3224B}
		{8FF0E10C-FC63-4630-89AF-B039D341FA7D} = {324DF465-63AB-40F3-905A-259C56D3224B}
		{CFC6A48D-10DA-4996-B1DF-E5F9C6D744A6} = {324DF465-63AB-40F3-905A-259C56D3224B}
		{3CF07281-565F-412E-9710-E8104E0391D9} = {324DF465-63AB-40F3-905A-259C56D3224B}
		{D8A52514-2077-4363-BDCF-FDCD2EE24117} = {324DF465-63AB-40F3-905A-259C56D3224B}
		{2162701A-70E9-4659-B17C-DEBA72C175D4} = {324DF465-63AB-40F3-905A-259C56D3224B}
		{5CBAFACF-8BD9-46FB-A0BC-276EDE593186} = {78E62BFB-D059-42BB-B21D-F5A552557514}
		{E2F5DC64-F661-459E-AC9C-1435FE9DFAA7} = {AE528F68-87F6-43E2-B272-8EF015B4AFEB}
		{1C67DD24-2A67-45CB-B46E-B4D4DF60B4A0} = {AE528F68-87F6-43E2-B272-8EF015B4AFEB}
		{90E5D8FC-B7D4-4531-BA41-176AA87D38E5} = {AE528F68-87F6-43E2-B272-8EF015B4AFEB}
		{44E05748-3318-41A9-960F-48FDD151D9A1} = {3F7CFD16-B196-471C-971D-3706D4E07A00}
		{87B1B4CA-3EF7-44EB-BF48-5A472E26F1B0} = {3F7CFD16-B196-471C-971D-3706D4E07A00}
		{E2EF537E-04C9-4804-9848-4205277D74AF} = {F0FE6340-3B43-4A3B-83D3-D51622BAC3F3}
		{534FD760-E694-481E-B215-419018D1210F} = {F0FE6340-3B43-4A3B-83D3-D51622BAC3F3}
		{669A1BF0-7EFB-4E95-999B-532F62C95B03} = {4A5E0FD3-7225-4AA1-A3AB-E27CADF30896}
		{AA9C7D40-A49C-4522-938B-BD1A99EE3E78} = {4A5E0FD3-7225-4AA1-A3AB-E27CADF30896}
		{C192A6DE-D254-4A69-8232-D4FF298E514E} = {4A5E0FD3-7225-4AA1-A3AB-E27CADF30896}
		{C89D5A65-98CA-4B18-A9F0-156524E3A7A5} = {4A5E0FD3-7225-4AA1-A3AB-E27CADF30896}
		{592B104D-C1E8-498D-BD48-ACBD0E3EA7B2} = {4A5E0FD3-7225-4AA1-A3AB-E27CADF30896}
		{EECEE153-CC2B-4DEC-9768-F7E99918E80A} = {4A5E0FD3-7225-4AA1-A3AB-E27CADF30896}
		{DB921D3F-FCE5-4739-A5B2-C11BE522B2C7} = {4A5E0FD3-7225-4AA1-A3AB-E27CADF30896}
	EndGlobalSection
	GlobalSection(ExtensibilityGlobals) = postSolution
		CodeStyleEnforcer_Active = 0
	EndGlobalSection
EndGlobal
